{"version":4,"terraform_version":"1.8.3","serial":214,"lineage":"225dad33-5dbd-0ab2-cf41-702186acb2ea","outputs":{},"resources":[{"module":"module.concourse_setup","mode":"data","type":"google_project","name":"project","provider":"provider[\"registry.opentofu.org/hashicorp/google\"]","instances":[{"schema_version":0,"attributes":{"auto_create_network":null,"billing_account":"0147EF-64A84A-D3EA60","deletion_policy":"PREVENT","effective_labels":{},"folder_id":"","id":"projects/lava-dev-436720","labels":{},"name":"lava-dev","number":"859846301347","org_id":"377006187738","project_id":"lava-dev-436720","tags":null,"terraform_labels":{}},"sensitive_attributes":[]}]},{"module":"module.concourse_setup","mode":"managed","type":"google_bigquery_dataset","name":"dataform","provider":"provider[\"registry.opentofu.org/hashicorp/google\"]","instances":[{"schema_version":0,"attributes":{"access":[{"dataset":[],"domain":"","group_by_email":"","iam_member":"","role":"OWNER","routine":[],"special_group":"","user_by_email":"concourse-lava-bq-access@lava-dev-436720.iam.gserviceaccount.com","view":[]},{"dataset":[],"domain":"","group_by_email":"","iam_member":"","role":"OWNER","routine":[],"special_group":"","user_by_email":"justin@galoy.io","view":[]},{"dataset":[],"domain":"","group_by_email":"","iam_member":"","role":"OWNER","routine":[],"special_group":"projectOwners","user_by_email":"","view":[]},{"dataset":[],"domain":"","group_by_email":"","iam_member":"","role":"READER","routine":[],"special_group":"projectReaders","user_by_email":"","view":[]},{"dataset":[],"domain":"","group_by_email":"","iam_member":"","role":"WRITER","routine":[],"special_group":"projectWriters","user_by_email":"","view":[]}],"creation_time":1727339297474,"dataset_id":"dataform_concourse","default_collation":"","default_encryption_configuration":[],"default_partition_expiration_ms":0,"default_table_expiration_ms":0,"delete_contents_on_destroy":false,"description":"Dataform for concourse","effective_labels":{"goog-terraform-provisioned":"true"},"etag":"Abi8KaEeTTxVJDpSXBK+jg==","external_dataset_reference":[],"friendly_name":"concourse dataform","id":"projects/lava-dev-436720/datasets/dataform_concourse","is_case_insensitive":false,"labels":{},"last_modified_time":1727339476612,"location":"EU","max_time_travel_hours":"168","project":"lava-dev-436720","resource_tags":{},"self_link":"https://bigquery.googleapis.com/bigquery/v2/projects/lava-dev-436720/datasets/dataform_concourse","storage_billing_model":"","terraform_labels":{"goog-terraform-provisioned":"true"},"timeouts":null},"sensitive_attributes":[],"private":"eyJlMmJmYjczMC1lY2FhLTExZTYtOGY4OC0zNDM2M2JjN2M0YzAiOnsiY3JlYXRlIjoxMjAwMDAwMDAwMDAwLCJkZWxldGUiOjEyMDAwMDAwMDAwMDAsInVwZGF0ZSI6MTIwMDAwMDAwMDAwMH19"}]},{"module":"module.concourse_setup","mode":"managed","type":"google_bigquery_dataset","name":"dataform_assertions","provider":"provider[\"registry.opentofu.org/hashicorp/google\"]","instances":[{"schema_version":0,"attributes":{"access":[{"dataset":[],"domain":"","group_by_email":"","iam_member":"","role":"OWNER","routine":[],"special_group":"","user_by_email":"concourse-lava-bq-access@lava-dev-436720.iam.gserviceaccount.com","view":[]},{"dataset":[],"domain":"","group_by_email":"","iam_member":"","role":"OWNER","routine":[],"special_group":"","user_by_email":"justin@galoy.io","view":[]},{"dataset":[],"domain":"","group_by_email":"","iam_member":"","role":"OWNER","routine":[],"special_group":"projectOwners","user_by_email":"","view":[]},{"dataset":[],"domain":"","group_by_email":"","iam_member":"","role":"READER","routine":[],"special_group":"projectReaders","user_by_email":"","view":[]},{"dataset":[],"domain":"","group_by_email":"","iam_member":"","role":"WRITER","routine":[],"special_group":"projectWriters","user_by_email":"","view":[]}],"creation_time":1727339323372,"dataset_id":"dataform_assertions_concourse","default_collation":"","default_encryption_configuration":[],"default_partition_expiration_ms":0,"default_table_expiration_ms":0,"delete_contents_on_destroy":false,"description":"Dataform assertions for concourse","effective_labels":{"goog-terraform-provisioned":"true"},"etag":"n8yambgZ1R0n17dIhGWLxw==","external_dataset_reference":[],"friendly_name":"concourse assertions dataform","id":"projects/lava-dev-436720/datasets/dataform_assertions_concourse","is_case_insensitive":false,"labels":{},"last_modified_time":1727339483017,"location":"EU","max_time_travel_hours":"168","project":"lava-dev-436720","resource_tags":{},"self_link":"https://bigquery.googleapis.com/bigquery/v2/projects/lava-dev-436720/datasets/dataform_assertions_concourse","storage_billing_model":"","terraform_labels":{"goog-terraform-provisioned":"true"},"timeouts":null},"sensitive_attributes":[],"private":"eyJlMmJmYjczMC1lY2FhLTExZTYtOGY4OC0zNDM2M2JjN2M0YzAiOnsiY3JlYXRlIjoxMjAwMDAwMDAwMDAwLCJkZWxldGUiOjEyMDAwMDAwMDAwMDAsInVwZGF0ZSI6MTIwMDAwMDAwMDAwMH19"}]},{"module":"module.concourse_setup","mode":"managed","type":"google_bigquery_dataset","name":"dataset","provider":"provider[\"registry.opentofu.org/hashicorp/google\"]","instances":[{"schema_version":0,"attributes":{"access":[{"dataset":[],"domain":"","group_by_email":"","iam_member":"","role":"OWNER","routine":[],"special_group":"","user_by_email":"concourse-lava-bq-access@lava-dev-436720.iam.gserviceaccount.com","view":[]},{"dataset":[],"domain":"","group_by_email":"","iam_member":"","role":"OWNER","routine":[],"special_group":"","user_by_email":"justin@galoy.io","view":[]},{"dataset":[],"domain":"","group_by_email":"","iam_member":"","role":"OWNER","routine":[],"special_group":"projectOwners","user_by_email":"","view":[]},{"dataset":[],"domain":"","group_by_email":"","iam_member":"","role":"READER","routine":[],"special_group":"projectReaders","user_by_email":"","view":[]},{"dataset":[],"domain":"","group_by_email":"","iam_member":"","role":"WRITER","routine":[],"special_group":"projectWriters","user_by_email":"","view":[]}],"creation_time":1727339344058,"dataset_id":"concourse_dataset","default_collation":"","default_encryption_configuration":[],"default_partition_expiration_ms":0,"default_table_expiration_ms":0,"delete_contents_on_destroy":true,"description":"Dataset for lava-bank concourse","effective_labels":{"goog-terraform-provisioned":"true"},"etag":"FIQ4wUqWjAXCpoZkyouv4w==","external_dataset_reference":[],"friendly_name":"Dataset for lava-bank concourse","id":"projects/lava-dev-436720/datasets/concourse_dataset","is_case_insensitive":false,"labels":{},"last_modified_time":1727339489015,"location":"EU","max_time_travel_hours":"168","project":"lava-dev-436720","resource_tags":{},"self_link":"https://bigquery.googleapis.com/bigquery/v2/projects/lava-dev-436720/datasets/concourse_dataset","storage_billing_model":"","terraform_labels":{"goog-terraform-provisioned":"true"},"timeouts":null},"sensitive_attributes":[],"private":"eyJlMmJmYjczMC1lY2FhLTExZTYtOGY4OC0zNDM2M2JjN2M0YzAiOnsiY3JlYXRlIjoxMjAwMDAwMDAwMDAwLCJkZWxldGUiOjEyMDAwMDAwMDAwMDAsInVwZGF0ZSI6MTIwMDAwMDAwMDAwMH19"}]},{"module":"module.concourse_setup","mode":"managed","type":"google_dataform_repository","name":"repository","provider":"provider[\"registry.opentofu.org/hashicorp/google-beta\"]","instances":[{"schema_version":0,"attributes":{"display_name":"Dataform Repository for concourse-repo","effective_labels":{"goog-terraform-provisioned":"true"},"git_remote_settings":[{"authentication_token_secret_version":"projects/859846301347/secrets/concourse-git-token/versions/1","default_branch":"concourse-dataform","ssh_authentication_config":[],"token_status":"","url":"https://github.com/GaloyMoney/lava-bank.git"}],"id":"projects/lava-dev-436720/locations/europe-west6/repositories/concourse-repo","kms_key_name":"","labels":{},"name":"concourse-repo","npmrc_environment_variables_secret_version":"","project":"lava-dev-436720","region":"europe-west6","service_account":"","terraform_labels":{"goog-terraform-provisioned":"true"},"timeouts":null,"workspace_compilation_overrides":[]},"sensitive_attributes":[],"private":"eyJlMmJmYjczMC1lY2FhLTExZTYtOGY4OC0zNDM2M2JjN2M0YzAiOnsiY3JlYXRlIjoxMjAwMDAwMDAwMDAwLCJkZWxldGUiOjEyMDAwMDAwMDAwMDAsInVwZGF0ZSI6MTIwMDAwMDAwMDAwMH19","dependencies":["module.concourse_setup.google_secret_manager_secret.git_token","module.concourse_setup.google_secret_manager_secret_version.version"]}]},{"module":"module.concourse_setup","mode":"managed","type":"google_dataform_repository_release_config","name":"release","provider":"provider[\"registry.opentofu.org/hashicorp/google-beta\"]","instances":[{"schema_version":0,"attributes":{"code_compilation_config":[{"assertion_schema":"dataform_assertions","database_suffix":"","default_database":"lava-dev-436720","default_location":"EU","default_schema":"dataform","schema_suffix":"concourse","table_prefix":"","vars":{"devUser":"concourse","executionEnv":"volcano-dev"}}],"cron_schedule":"","git_commitish":"concourse-dataform","id":"projects/lava-dev-436720/locations/europe-west6/repositories/concourse-repo/releaseConfigs/concourse-release","name":"concourse-release","project":"lava-dev-436720","recent_scheduled_release_records":[],"region":"europe-west6","repository":"concourse-repo","time_zone":"","timeouts":null},"sensitive_attributes":[],"private":"eyJlMmJmYjczMC1lY2FhLTExZTYtOGY4OC0zNDM2M2JjN2M0YzAiOnsiY3JlYXRlIjoxMjAwMDAwMDAwMDAwLCJkZWxldGUiOjEyMDAwMDAwMDAwMDAsInVwZGF0ZSI6MTIwMDAwMDAwMDAwMH19","dependencies":["module.concourse_setup.google_dataform_repository.repository","module.concourse_setup.google_secret_manager_secret.git_token","module.concourse_setup.google_secret_manager_secret_version.version"]}]},{"module":"module.concourse_setup","mode":"managed","type":"google_secret_manager_secret","name":"git_token","provider":"provider[\"registry.opentofu.org/hashicorp/google-beta\"]","instances":[{"schema_version":0,"attributes":{"annotations":{},"create_time":"2024-09-26T08:35:23.631037Z","effective_annotations":{},"effective_labels":{"goog-terraform-provisioned":"true"},"expire_time":"","id":"projects/lava-dev-436720/secrets/concourse-git-token","labels":{},"name":"projects/859846301347/secrets/concourse-git-token","project":"lava-dev-436720","replication":[{"auto":[{"customer_managed_encryption":[]}],"user_managed":[]}],"rotation":[],"secret_id":"concourse-git-token","terraform_labels":{"goog-terraform-provisioned":"true"},"timeouts":null,"topics":[],"ttl":null,"version_aliases":{},"version_destroy_ttl":""},"sensitive_attributes":[],"private":"eyJlMmJmYjczMC1lY2FhLTExZTYtOGY4OC0zNDM2M2JjN2M0YzAiOnsiY3JlYXRlIjoxMjAwMDAwMDAwMDAwLCJkZWxldGUiOjEyMDAwMDAwMDAwMDAsInVwZGF0ZSI6MTIwMDAwMDAwMDAwMH19"}]},{"module":"module.concourse_setup","mode":"managed","type":"google_secret_manager_secret_version","name":"version","provider":"provider[\"registry.opentofu.org/hashicorp/google-beta\"]","instances":[{"schema_version":0,"attributes":{"create_time":"2024-09-26T08:35:25.639180Z","deletion_policy":"DELETE","destroy_time":"","enabled":true,"id":"projects/859846301347/secrets/concourse-git-token/versions/1","is_secret_data_base64":false,"name":"projects/859846301347/secrets/concourse-git-token/versions/1","secret":"projects/lava-dev-436720/secrets/concourse-git-token","secret_data":"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","timeouts":null,"version":"1"},"sensitive_attributes":[[{"type":"get_attr","value":"secret_data"}]],"private":"eyJlMmJmYjczMC1lY2FhLTExZTYtOGY4OC0zNDM2M2JjN2M0YzAiOnsiY3JlYXRlIjoxMjAwMDAwMDAwMDAwLCJkZWxldGUiOjEyMDAwMDAwMDAwMDAsInVwZGF0ZSI6MTIwMDAwMDAwMDAwMH19","dependencies":["module.concourse_setup.google_secret_manager_secret.git_token"]}]},{"module":"module.concourse_setup","mode":"managed","type":"google_service_account","name":"bq_access_sa","provider":"provider[\"registry.opentofu.org/hashicorp/google\"]","instances":[{"schema_version":0,"attributes":{"account_id":"concourse-lava-bq-access","create_ignore_already_exists":null,"description":"","disabled":false,"display_name":"Serviae Account for lava-bank BigQuery access","email":"concourse-lava-bq-access@lava-dev-436720.iam.gserviceaccount.com","id":"projects/lava-dev-436720/serviceAccounts/concourse-lava-bq-access@lava-dev-436720.iam.gserviceaccount.com","member":"serviceAccount:concourse-lava-bq-access@lava-dev-436720.iam.gserviceaccount.com","name":"projects/lava-dev-436720/serviceAccounts/concourse-lava-bq-access@lava-dev-436720.iam.gserviceaccount.com","project":"lava-dev-436720","timeouts":null,"unique_id":"114692230279340620484"},"sensitive_attributes":[],"private":"eyJlMmJmYjczMC1lY2FhLTExZTYtOGY4OC0zNDM2M2JjN2M0YzAiOnsiY3JlYXRlIjozMDAwMDAwMDAwMDB9fQ=="}]},{"module":"module.concourse_setup","mode":"managed","type":"google_storage_bucket","name":"docs","provider":"provider[\"registry.opentofu.org/hashicorp/google\"]","instances":[{"schema_version":3,"attributes":{"autoclass":[],"cors":[],"custom_placement_config":[],"default_event_based_hold":false,"effective_labels":{"goog-terraform-provisioned":"true"},"enable_object_retention":false,"encryption":[],"force_destroy":false,"id":"concourse-volcano-documents","labels":{},"lifecycle_rule":[],"location":"EUROPE-WEST6","logging":[],"name":"concourse-volcano-documents","project":"lava-dev-436720","project_number":859846301347,"public_access_prevention":"inherited","requester_pays":false,"retention_policy":[],"rpo":null,"self_link":"https://www.googleapis.com/storage/v1/b/concourse-volcano-documents","soft_delete_policy":[{"effective_time":"2024-09-26T08:42:22.386Z","retention_duration_seconds":604800}],"storage_class":"STANDARD","terraform_labels":{"goog-terraform-provisioned":"true"},"timeouts":null,"uniform_bucket_level_access":true,"url":"gs://concourse-volcano-documents","versioning":[{"enabled":true}],"website":[]},"sensitive_attributes":[],"private":"eyJlMmJmYjczMC1lY2FhLTExZTYtOGY4OC0zNDM2M2JjN2M0YzAiOnsiY3JlYXRlIjo2MDAwMDAwMDAwMDAsInJlYWQiOjI0MDAwMDAwMDAwMCwidXBkYXRlIjoyNDAwMDAwMDAwMDB9LCJzY2hlbWFfdmVyc2lvbiI6IjMifQ=="}]},{"module":"module.gha_setup","mode":"data","type":"google_project","name":"project","provider":"provider[\"registry.opentofu.org/hashicorp/google\"]","instances":[{"schema_version":0,"attributes":{"auto_create_network":null,"billing_account":"0147EF-64A84A-D3EA60","deletion_policy":"PREVENT","effective_labels":{},"folder_id":"","id":"projects/lava-dev-436720","labels":{},"name":"lava-dev","number":"859846301347","org_id":"377006187738","project_id":"lava-dev-436720","tags":null,"terraform_labels":{}},"sensitive_attributes":[]}]},{"module":"module.gha_setup","mode":"managed","type":"google_bigquery_dataset","name":"dataform","provider":"provider[\"registry.opentofu.org/hashicorp/google\"]","instances":[{"schema_version":0,"attributes":{"access":[{"dataset":[],"domain":"","group_by_email":"","iam_member":"","role":"OWNER","routine":[],"special_group":"","user_by_email":"gha-lava-bq-access@lava-dev-436720.iam.gserviceaccount.com","view":[]},{"dataset":[],"domain":"","group_by_email":"","iam_member":"","role":"OWNER","routine":[],"special_group":"","user_by_email":"justin@galoy.io","view":[]},{"dataset":[],"domain":"","group_by_email":"","iam_member":"","role":"OWNER","routine":[],"special_group":"projectOwners","user_by_email":"","view":[]},{"dataset":[],"domain":"","group_by_email":"","iam_member":"","role":"READER","routine":[],"special_group":"projectReaders","user_by_email":"","view":[]},{"dataset":[],"domain":"","group_by_email":"","iam_member":"","role":"WRITER","routine":[],"special_group":"projectWriters","user_by_email":"","view":[]}],"creation_time":1727339338752,"dataset_id":"dataform_gha","default_collation":"","default_encryption_configuration":[],"default_partition_expiration_ms":0,"default_table_expiration_ms":0,"delete_contents_on_destroy":false,"description":"Dataform for gha","effective_labels":{"goog-terraform-provisioned":"true"},"etag":"PdPQwudUNgPIdgQXjLKg7A==","external_dataset_reference":[],"friendly_name":"gha dataform","id":"projects/lava-dev-436720/datasets/dataform_gha","is_case_insensitive":false,"labels":{},"last_modified_time":1727339484734,"location":"EU","max_time_travel_hours":"168","project":"lava-dev-436720","resource_tags":{},"self_link":"https://bigquery.googleapis.com/bigquery/v2/projects/lava-dev-436720/datasets/dataform_gha","storage_billing_model":"","terraform_labels":{"goog-terraform-provisioned":"true"},"timeouts":null},"sensitive_attributes":[],"private":"eyJlMmJmYjczMC1lY2FhLTExZTYtOGY4OC0zNDM2M2JjN2M0YzAiOnsiY3JlYXRlIjoxMjAwMDAwMDAwMDAwLCJkZWxldGUiOjEyMDAwMDAwMDAwMDAsInVwZGF0ZSI6MTIwMDAwMDAwMDAwMH19"}]},{"module":"module.gha_setup","mode":"managed","type":"google_bigquery_dataset","name":"dataform_assertions","provider":"provider[\"registry.opentofu.org/hashicorp/google\"]","instances":[{"schema_version":0,"attributes":{"access":[{"dataset":[],"domain":"","group_by_email":"","iam_member":"","role":"OWNER","routine":[],"special_group":"","user_by_email":"gha-lava-bq-access@lava-dev-436720.iam.gserviceaccount.com","view":[]},{"dataset":[],"domain":"","group_by_email":"","iam_member":"","role":"OWNER","routine":[],"special_group":"","user_by_email":"justin@galoy.io","view":[]},{"dataset":[],"domain":"","group_by_email":"","iam_member":"","role":"OWNER","routine":[],"special_group":"projectOwners","user_by_email":"","view":[]},{"dataset":[],"domain":"","group_by_email":"","iam_member":"","role":"READER","routine":[],"special_group":"projectReaders","user_by_email":"","view":[]},{"dataset":[],"domain":"","group_by_email":"","iam_member":"","role":"WRITER","routine":[],"special_group":"projectWriters","user_by_email":"","view":[]}],"creation_time":1727339310854,"dataset_id":"dataform_assertions_gha","default_collation":"","default_encryption_configuration":[],"default_partition_expiration_ms":0,"default_table_expiration_ms":0,"delete_contents_on_destroy":false,"description":"Dataform assertions for gha","effective_labels":{"goog-terraform-provisioned":"true"},"etag":"nbTcmEhEgvp1X0NfAus4fg==","external_dataset_reference":[],"friendly_name":"gha assertions dataform","id":"projects/lava-dev-436720/datasets/dataform_assertions_gha","is_case_insensitive":false,"labels":{},"last_modified_time":1727339466614,"location":"EU","max_time_travel_hours":"168","project":"lava-dev-436720","resource_tags":{},"self_link":"https://bigquery.googleapis.com/bigquery/v2/projects/lava-dev-436720/datasets/dataform_assertions_gha","storage_billing_model":"","terraform_labels":{"goog-terraform-provisioned":"true"},"timeouts":null},"sensitive_attributes":[],"private":"eyJlMmJmYjczMC1lY2FhLTExZTYtOGY4OC0zNDM2M2JjN2M0YzAiOnsiY3JlYXRlIjoxMjAwMDAwMDAwMDAwLCJkZWxldGUiOjEyMDAwMDAwMDAwMDAsInVwZGF0ZSI6MTIwMDAwMDAwMDAwMH19"}]},{"module":"module.gha_setup","mode":"managed","type":"google_bigquery_dataset","name":"dataset","provider":"provider[\"registry.opentofu.org/hashicorp/google\"]","instances":[{"schema_version":0,"attributes":{"access":[{"dataset":[],"domain":"","group_by_email":"","iam_member":"","role":"OWNER","routine":[],"special_group":"","user_by_email":"gha-lava-bq-access@lava-dev-436720.iam.gserviceaccount.com","view":[]},{"dataset":[],"domain":"","group_by_email":"","iam_member":"","role":"OWNER","routine":[],"special_group":"","user_by_email":"justin@galoy.io","view":[]},{"dataset":[],"domain":"","group_by_email":"","iam_member":"","role":"OWNER","routine":[],"special_group":"projectOwners","user_by_email":"","view":[]},{"dataset":[],"domain":"","group_by_email":"","iam_member":"","role":"READER","routine":[],"special_group":"projectReaders","user_by_email":"","view":[]},{"dataset":[],"domain":"","group_by_email":"","iam_member":"","role":"WRITER","routine":[],"special_group":"projectWriters","user_by_email":"","view":[]}],"creation_time":1727339341582,"dataset_id":"gha_dataset","default_collation":"","default_encryption_configuration":[],"default_partition_expiration_ms":0,"default_table_expiration_ms":0,"delete_contents_on_destroy":true,"description":"Dataset for lava-bank gha","effective_labels":{"goog-terraform-provisioned":"true"},"etag":"2nb4btyPIKFLd4MMXu7YUg==","external_dataset_reference":[],"friendly_name":"Dataset for lava-bank gha","id":"projects/lava-dev-436720/datasets/gha_dataset","is_case_insensitive":false,"labels":{},"last_modified_time":1727339483210,"location":"EU","max_time_travel_hours":"168","project":"lava-dev-436720","resource_tags":{},"self_link":"https://bigquery.googleapis.com/bigquery/v2/projects/lava-dev-436720/datasets/gha_dataset","storage_billing_model":"","terraform_labels":{"goog-terraform-provisioned":"true"},"timeouts":null},"sensitive_attributes":[],"private":"eyJlMmJmYjczMC1lY2FhLTExZTYtOGY4OC0zNDM2M2JjN2M0YzAiOnsiY3JlYXRlIjoxMjAwMDAwMDAwMDAwLCJkZWxldGUiOjEyMDAwMDAwMDAwMDAsInVwZGF0ZSI6MTIwMDAwMDAwMDAwMH19"}]},{"module":"module.gha_setup","mode":"managed","type":"google_dataform_repository","name":"repository","provider":"provider[\"registry.opentofu.org/hashicorp/google-beta\"]","instances":[{"schema_version":0,"attributes":{"display_name":"Dataform Repository for gha-repo","effective_labels":{"goog-terraform-provisioned":"true"},"git_remote_settings":[{"authentication_token_secret_version":"projects/859846301347/secrets/gha-git-token/versions/1","default_branch":"gha-dataform","ssh_authentication_config":[],"token_status":"","url":"https://github.com/GaloyMoney/lava-bank.git"}],"id":"projects/lava-dev-436720/locations/europe-west6/repositories/gha-repo","kms_key_name":"","labels":{},"name":"gha-repo","npmrc_environment_variables_secret_version":"","project":"lava-dev-436720","region":"europe-west6","service_account":"","terraform_labels":{"goog-terraform-provisioned":"true"},"timeouts":null,"workspace_compilation_overrides":[]},"sensitive_attributes":[],"private":"eyJlMmJmYjczMC1lY2FhLTExZTYtOGY4OC0zNDM2M2JjN2M0YzAiOnsiY3JlYXRlIjoxMjAwMDAwMDAwMDAwLCJkZWxldGUiOjEyMDAwMDAwMDAwMDAsInVwZGF0ZSI6MTIwMDAwMDAwMDAwMH19","dependencies":["module.gha_setup.google_secret_manager_secret.git_token","module.gha_setup.google_secret_manager_secret_version.version"]}]},{"module":"module.gha_setup","mode":"managed","type":"google_dataform_repository_release_config","name":"release","provider":"provider[\"registry.opentofu.org/hashicorp/google-beta\"]","instances":[{"schema_version":0,"attributes":{"code_compilation_config":[{"assertion_schema":"dataform_assertions","database_suffix":"","default_database":"lava-dev-436720","default_location":"EU","default_schema":"dataform","schema_suffix":"gha","table_prefix":"","vars":{"devUser":"gha","executionEnv":"volcano-dev"}}],"cron_schedule":"","git_commitish":"gha-dataform","id":"projects/lava-dev-436720/locations/europe-west6/repositories/gha-repo/releaseConfigs/gha-release","name":"gha-release","project":"lava-dev-436720","recent_scheduled_release_records":[],"region":"europe-west6","repository":"gha-repo","time_zone":"","timeouts":null},"sensitive_attributes":[],"private":"eyJlMmJmYjczMC1lY2FhLTExZTYtOGY4OC0zNDM2M2JjN2M0YzAiOnsiY3JlYXRlIjoxMjAwMDAwMDAwMDAwLCJkZWxldGUiOjEyMDAwMDAwMDAwMDAsInVwZGF0ZSI6MTIwMDAwMDAwMDAwMH19","dependencies":["module.gha_setup.google_dataform_repository.repository","module.gha_setup.google_secret_manager_secret.git_token","module.gha_setup.google_secret_manager_secret_version.version"]}]},{"module":"module.gha_setup","mode":"managed","type":"google_secret_manager_secret","name":"git_token","provider":"provider[\"registry.opentofu.org/hashicorp/google-beta\"]","instances":[{"schema_version":0,"attributes":{"annotations":{},"create_time":"2024-09-26T08:35:24.583580Z","effective_annotations":{},"effective_labels":{"goog-terraform-provisioned":"true"},"expire_time":"","id":"projects/lava-dev-436720/secrets/gha-git-token","labels":{},"name":"projects/859846301347/secrets/gha-git-token","project":"lava-dev-436720","replication":[{"auto":[{"customer_managed_encryption":[]}],"user_managed":[]}],"rotation":[],"secret_id":"gha-git-token","terraform_labels":{"goog-terraform-provisioned":"true"},"timeouts":null,"topics":[],"ttl":null,"version_aliases":{},"version_destroy_ttl":""},"sensitive_attributes":[],"private":"eyJlMmJmYjczMC1lY2FhLTExZTYtOGY4OC0zNDM2M2JjN2M0YzAiOnsiY3JlYXRlIjoxMjAwMDAwMDAwMDAwLCJkZWxldGUiOjEyMDAwMDAwMDAwMDAsInVwZGF0ZSI6MTIwMDAwMDAwMDAwMH19"}]},{"module":"module.gha_setup","mode":"managed","type":"google_secret_manager_secret_version","name":"version","provider":"provider[\"registry.opentofu.org/hashicorp/google-beta\"]","instances":[{"schema_version":0,"attributes":{"create_time":"2024-09-26T08:35:25.789253Z","deletion_policy":"DELETE","destroy_time":"","enabled":true,"id":"projects/859846301347/secrets/gha-git-token/versions/1","is_secret_data_base64":false,"name":"projects/859846301347/secrets/gha-git-token/versions/1","secret":"projects/lava-dev-436720/secrets/gha-git-token","secret_data":"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","timeouts":null,"version":"1"},"sensitive_attributes":[[{"type":"get_attr","value":"secret_data"}]],"private":"eyJlMmJmYjczMC1lY2FhLTExZTYtOGY4OC0zNDM2M2JjN2M0YzAiOnsiY3JlYXRlIjoxMjAwMDAwMDAwMDAwLCJkZWxldGUiOjEyMDAwMDAwMDAwMDAsInVwZGF0ZSI6MTIwMDAwMDAwMDAwMH19","dependencies":["module.gha_setup.google_secret_manager_secret.git_token"]}]},{"module":"module.gha_setup","mode":"managed","type":"google_service_account","name":"bq_access_sa","provider":"provider[\"registry.opentofu.org/hashicorp/google\"]","instances":[{"schema_version":0,"attributes":{"account_id":"gha-lava-bq-access","create_ignore_already_exists":null,"description":"","disabled":false,"display_name":"Serviae Account for lava-bank BigQuery access","email":"gha-lava-bq-access@lava-dev-436720.iam.gserviceaccount.com","id":"projects/lava-dev-436720/serviceAccounts/gha-lava-bq-access@lava-dev-436720.iam.gserviceaccount.com","member":"serviceAccount:gha-lava-bq-access@lava-dev-436720.iam.gserviceaccount.com","name":"projects/lava-dev-436720/serviceAccounts/gha-lava-bq-access@lava-dev-436720.iam.gserviceaccount.com","project":"lava-dev-436720","timeouts":null,"unique_id":"101211245222180751719"},"sensitive_attributes":[],"private":"eyJlMmJmYjczMC1lY2FhLTExZTYtOGY4OC0zNDM2M2JjN2M0YzAiOnsiY3JlYXRlIjozMDAwMDAwMDAwMDB9fQ=="}]},{"module":"module.gha_setup","mode":"managed","type":"google_storage_bucket","name":"docs","provider":"provider[\"registry.opentofu.org/hashicorp/google\"]","instances":[{"schema_version":3,"attributes":{"autoclass":[],"cors":[],"custom_placement_config":[],"default_event_based_hold":false,"effective_labels":{"goog-terraform-provisioned":"true"},"enable_object_retention":false,"encryption":[],"force_destroy":false,"id":"gha-volcano-documents","labels":{},"lifecycle_rule":[],"location":"EUROPE-WEST6","logging":[],"name":"gha-volcano-documents","project":"lava-dev-436720","project_number":859846301347,"public_access_prevention":"inherited","requester_pays":false,"retention_policy":[],"rpo":null,"self_link":"https://www.googleapis.com/storage/v1/b/gha-volcano-documents","soft_delete_policy":[{"effective_time":"2024-09-26T08:42:19.475Z","retention_duration_seconds":604800}],"storage_class":"STANDARD","terraform_labels":{"goog-terraform-provisioned":"true"},"timeouts":null,"uniform_bucket_level_access":true,"url":"gs://gha-volcano-documents","versioning":[{"enabled":true}],"website":[]},"sensitive_attributes":[],"private":"eyJlMmJmYjczMC1lY2FhLTExZTYtOGY4OC0zNDM2M2JjN2M0YzAiOnsiY3JlYXRlIjo2MDAwMDAwMDAwMDAsInJlYWQiOjI0MDAwMDAwMDAwMCwidXBkYXRlIjoyNDAwMDAwMDAwMDB9LCJzY2hlbWFfdmVyc2lvbiI6IjMifQ=="}]},{"module":"module.setup[\"jcarter\"]","mode":"managed","type":"google_bigquery_dataset","name":"dataform","provider":"provider[\"registry.opentofu.org/hashicorp/google\"]","instances":[{"schema_version":0,"attributes":{"access":[{"dataset":[],"domain":"","group_by_email":"","iam_member":"","role":"OWNER","routine":[],"special_group":"","user_by_email":"jcarter-lava-bq-access@lava-dev-436720.iam.gserviceaccount.com","view":[]},{"dataset":[],"domain":"","group_by_email":"","iam_member":"","role":"OWNER","routine":[],"special_group":"","user_by_email":"justin@galoy.io","view":[]},{"dataset":[],"domain":"","group_by_email":"","iam_member":"","role":"OWNER","routine":[],"special_group":"projectOwners","user_by_email":"","view":[]},{"dataset":[],"domain":"","group_by_email":"","iam_member":"","role":"READER","routine":[],"special_group":"projectReaders","user_by_email":"","view":[]},{"dataset":[],"domain":"","group_by_email":"","iam_member":"","role":"WRITER","routine":[],"special_group":"projectWriters","user_by_email":"","view":[]}],"creation_time":1727339300061,"dataset_id":"dataform_jcarter","default_collation":"","default_encryption_configuration":[],"default_partition_expiration_ms":0,"default_table_expiration_ms":0,"delete_contents_on_destroy":false,"description":"Dataform for jcarter","effective_labels":{"goog-terraform-provisioned":"true"},"etag":"DtGi6y/WUgk3lkXBXDS3PQ==","external_dataset_reference":[],"friendly_name":"jcarter dataform","id":"projects/lava-dev-436720/datasets/dataform_jcarter","is_case_insensitive":false,"labels":{},"last_modified_time":1727339349812,"location":"EU","max_time_travel_hours":"168","project":"lava-dev-436720","resource_tags":{},"self_link":"https://bigquery.googleapis.com/bigquery/v2/projects/lava-dev-436720/datasets/dataform_jcarter","storage_billing_model":"","terraform_labels":{"goog-terraform-provisioned":"true"},"timeouts":null},"sensitive_attributes":[],"private":"eyJlMmJmYjczMC1lY2FhLTExZTYtOGY4OC0zNDM2M2JjN2M0YzAiOnsiY3JlYXRlIjoxMjAwMDAwMDAwMDAwLCJkZWxldGUiOjEyMDAwMDAwMDAwMDAsInVwZGF0ZSI6MTIwMDAwMDAwMDAwMH19"}]},{"module":"module.setup[\"jcarter\"]","mode":"managed","type":"google_bigquery_dataset","name":"dataform_assertions","provider":"provider[\"registry.opentofu.org/hashicorp/google\"]","instances":[{"schema_version":0,"attributes":{"access":[{"dataset":[],"domain":"","group_by_email":"","iam_member":"","role":"OWNER","routine":[],"special_group":"","user_by_email":"jcarter-lava-bq-access@lava-dev-436720.iam.gserviceaccount.com","view":[]},{"dataset":[],"domain":"","group_by_email":"","iam_member":"","role":"OWNER","routine":[],"special_group":"","user_by_email":"justin@galoy.io","view":[]},{"dataset":[],"domain":"","group_by_email":"","iam_member":"","role":"OWNER","routine":[],"special_group":"projectOwners","user_by_email":"","view":[]},{"dataset":[],"domain":"","group_by_email":"","iam_member":"","role":"READER","routine":[],"special_group":"projectReaders","user_by_email":"","view":[]},{"dataset":[],"domain":"","group_by_email":"","iam_member":"","role":"WRITER","routine":[],"special_group":"projectWriters","user_by_email":"","view":[]}],"creation_time":1727339306687,"dataset_id":"dataform_assertions_jcarter","default_collation":"","default_encryption_configuration":[],"default_partition_expiration_ms":0,"default_table_expiration_ms":0,"delete_contents_on_destroy":false,"description":"Dataform assertions for jcarter","effective_labels":{"goog-terraform-provisioned":"true"},"etag":"tpSIzX3zyQZu5zt1+8Zvrg==","external_dataset_reference":[],"friendly_name":"jcarter assertions dataform","id":"projects/lava-dev-436720/datasets/dataform_assertions_jcarter","is_case_insensitive":false,"labels":{},"last_modified_time":1727339355131,"location":"EU","max_time_travel_hours":"168","project":"lava-dev-436720","resource_tags":{},"self_link":"https://bigquery.googleapis.com/bigquery/v2/projects/lava-dev-436720/datasets/dataform_assertions_jcarter","storage_billing_model":"","terraform_labels":{"goog-terraform-provisioned":"true"},"timeouts":null},"sensitive_attributes":[],"private":"eyJlMmJmYjczMC1lY2FhLTExZTYtOGY4OC0zNDM2M2JjN2M0YzAiOnsiY3JlYXRlIjoxMjAwMDAwMDAwMDAwLCJkZWxldGUiOjEyMDAwMDAwMDAwMDAsInVwZGF0ZSI6MTIwMDAwMDAwMDAwMH19"}]},{"module":"module.setup[\"jcarter\"]","mode":"managed","type":"google_bigquery_dataset","name":"dataset","provider":"provider[\"registry.opentofu.org/hashicorp/google\"]","instances":[{"schema_version":0,"attributes":{"access":[{"dataset":[],"domain":"","group_by_email":"","iam_member":"","role":"OWNER","routine":[],"special_group":"","user_by_email":"jcarter-lava-bq-access@lava-dev-436720.iam.gserviceaccount.com","view":[]},{"dataset":[],"domain":"","group_by_email":"","iam_member":"","role":"OWNER","routine":[],"special_group":"","user_by_email":"justin@galoy.io","view":[]},{"dataset":[],"domain":"","group_by_email":"","iam_member":"","role":"OWNER","routine":[],"special_group":"projectOwners","user_by_email":"","view":[]},{"dataset":[],"domain":"","group_by_email":"","iam_member":"","role":"READER","routine":[],"special_group":"projectReaders","user_by_email":"","view":[]},{"dataset":[],"domain":"","group_by_email":"","iam_member":"","role":"WRITER","routine":[],"special_group":"projectWriters","user_by_email":"","view":[]}],"creation_time":1727339305574,"dataset_id":"jcarter_dataset","default_collation":"","default_encryption_configuration":[],"default_partition_expiration_ms":0,"default_table_expiration_ms":0,"delete_contents_on_destroy":true,"description":"Dataset for lava-bank jcarter","effective_labels":{"goog-terraform-provisioned":"true"},"etag":"DnaNISSRq8i5/uW1zNHStw==","external_dataset_reference":[],"friendly_name":"Dataset for lava-bank jcarter","id":"projects/lava-dev-436720/datasets/jcarter_dataset","is_case_insensitive":false,"labels":{},"last_modified_time":1727339350598,"location":"EU","max_time_travel_hours":"168","project":"lava-dev-436720","resource_tags":{},"self_link":"https://bigquery.googleapis.com/bigquery/v2/projects/lava-dev-436720/datasets/jcarter_dataset","storage_billing_model":"","terraform_labels":{"goog-terraform-provisioned":"true"},"timeouts":null},"sensitive_attributes":[],"private":"eyJlMmJmYjczMC1lY2FhLTExZTYtOGY4OC0zNDM2M2JjN2M0YzAiOnsiY3JlYXRlIjoxMjAwMDAwMDAwMDAwLCJkZWxldGUiOjEyMDAwMDAwMDAwMDAsInVwZGF0ZSI6MTIwMDAwMDAwMDAwMH19"}]},{"module":"module.setup[\"jcarter\"]","mode":"managed","type":"google_dataform_repository","name":"repository","provider":"provider[\"registry.opentofu.org/hashicorp/google-beta\"]","instances":[{"schema_version":0,"attributes":{"display_name":"Dataform Repository for jcarter-repo","effective_labels":{"goog-terraform-provisioned":"true"},"git_remote_settings":[{"authentication_token_secret_version":"projects/859846301347/secrets/jcarter-git-token/versions/1","default_branch":"jcarter-dataform","ssh_authentication_config":[],"token_status":"","url":"https://github.com/GaloyMoney/lava-bank.git"}],"id":"projects/lava-dev-436720/locations/europe-west6/repositories/jcarter-repo","kms_key_name":"","labels":{},"name":"jcarter-repo","npmrc_environment_variables_secret_version":"","project":"lava-dev-436720","region":"europe-west6","service_account":"","terraform_labels":{"goog-terraform-provisioned":"true"},"timeouts":null,"workspace_compilation_overrides":[]},"sensitive_attributes":[],"private":"eyJlMmJmYjczMC1lY2FhLTExZTYtOGY4OC0zNDM2M2JjN2M0YzAiOnsiY3JlYXRlIjoxMjAwMDAwMDAwMDAwLCJkZWxldGUiOjEyMDAwMDAwMDAwMDAsInVwZGF0ZSI6MTIwMDAwMDAwMDAwMH19","dependencies":["module.setup.google_secret_manager_secret.git_token","module.setup.google_secret_manager_secret_version.version"]}]},{"module":"module.setup[\"jcarter\"]","mode":"managed","type":"google_dataform_repository_release_config","name":"release","provider":"provider[\"registry.opentofu.org/hashicorp/google-beta\"]","instances":[{"schema_version":0,"attributes":{"code_compilation_config":[{"assertion_schema":"dataform_assertions","database_suffix":"","default_database":"lava-dev-436720","default_location":"EU","default_schema":"dataform","schema_suffix":"jcarter","table_prefix":"","vars":{"devUser":"jcarter","executionEnv":"volcano-dev"}}],"cron_schedule":"","git_commitish":"jcarter-dataform","id":"projects/lava-dev-436720/locations/europe-west6/repositories/jcarter-repo/releaseConfigs/jcarter-release","name":"jcarter-release","project":"lava-dev-436720","recent_scheduled_release_records":[],"region":"europe-west6","repository":"jcarter-repo","time_zone":"","timeouts":null},"sensitive_attributes":[],"private":"eyJlMmJmYjczMC1lY2FhLTExZTYtOGY4OC0zNDM2M2JjN2M0YzAiOnsiY3JlYXRlIjoxMjAwMDAwMDAwMDAwLCJkZWxldGUiOjEyMDAwMDAwMDAwMDAsInVwZGF0ZSI6MTIwMDAwMDAwMDAwMH19","dependencies":["module.setup.google_dataform_repository.repository","module.setup.google_secret_manager_secret.git_token","module.setup.google_secret_manager_secret_version.version"]}]},{"module":"module.setup[\"jcarter\"]","mode":"managed","type":"google_secret_manager_secret","name":"git_token","provider":"provider[\"registry.opentofu.org/hashicorp/google-beta\"]","instances":[{"schema_version":0,"attributes":{"annotations":{},"create_time":"2024-09-26T08:37:00.854096Z","effective_annotations":{},"effective_labels":{"goog-terraform-provisioned":"true"},"expire_time":"","id":"projects/lava-dev-436720/secrets/jcarter-git-token","labels":{},"name":"projects/859846301347/secrets/jcarter-git-token","project":"lava-dev-436720","replication":[{"auto":[{"customer_managed_encryption":[]}],"user_managed":[]}],"rotation":[],"secret_id":"jcarter-git-token","terraform_labels":{"goog-terraform-provisioned":"true"},"timeouts":null,"topics":[],"ttl":null,"version_aliases":{},"version_destroy_ttl":""},"sensitive_attributes":[],"private":"eyJlMmJmYjczMC1lY2FhLTExZTYtOGY4OC0zNDM2M2JjN2M0YzAiOnsiY3JlYXRlIjoxMjAwMDAwMDAwMDAwLCJkZWxldGUiOjEyMDAwMDAwMDAwMDAsInVwZGF0ZSI6MTIwMDAwMDAwMDAwMH19"}]},{"module":"module.setup[\"jcarter\"]","mode":"managed","type":"google_secret_manager_secret_version","name":"version","provider":"provider[\"registry.opentofu.org/hashicorp/google-beta\"]","instances":[{"schema_version":0,"attributes":{"create_time":"2024-09-26T08:37:21.329989Z","deletion_policy":"DELETE","destroy_time":"","enabled":true,"id":"projects/859846301347/secrets/jcarter-git-token/versions/1","is_secret_data_base64":false,"name":"projects/859846301347/secrets/jcarter-git-token/versions/1","secret":"projects/lava-dev-436720/secrets/jcarter-git-token","secret_data":"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","timeouts":null,"version":"1"},"sensitive_attributes":[[{"type":"get_attr","value":"secret_data"}]],"private":"eyJlMmJmYjczMC1lY2FhLTExZTYtOGY4OC0zNDM2M2JjN2M0YzAiOnsiY3JlYXRlIjoxMjAwMDAwMDAwMDAwLCJkZWxldGUiOjEyMDAwMDAwMDAwMDAsInVwZGF0ZSI6MTIwMDAwMDAwMDAwMH19","dependencies":["module.setup.google_secret_manager_secret.git_token"]}]},{"module":"module.setup[\"jcarter\"]","mode":"managed","type":"google_service_account","name":"bq_access_sa","provider":"provider[\"registry.opentofu.org/hashicorp/google\"]","instances":[{"schema_version":0,"attributes":{"account_id":"jcarter-lava-bq-access","create_ignore_already_exists":null,"description":"","disabled":false,"display_name":"Serviae Account for lava-bank BigQuery access","email":"jcarter-lava-bq-access@lava-dev-436720.iam.gserviceaccount.com","id":"projects/lava-dev-436720/serviceAccounts/jcarter-lava-bq-access@lava-dev-436720.iam.gserviceaccount.com","member":"serviceAccount:jcarter-lava-bq-access@lava-dev-436720.iam.gserviceaccount.com","name":"projects/lava-dev-436720/serviceAccounts/jcarter-lava-bq-access@lava-dev-436720.iam.gserviceaccount.com","project":"lava-dev-436720","timeouts":null,"unique_id":"114993396060484394965"},"sensitive_attributes":[],"private":"eyJlMmJmYjczMC1lY2FhLTExZTYtOGY4OC0zNDM2M2JjN2M0YzAiOnsiY3JlYXRlIjozMDAwMDAwMDAwMDB9fQ=="}]},{"module":"module.setup[\"jcarter\"]","mode":"managed","type":"google_storage_bucket","name":"docs","provider":"provider[\"registry.opentofu.org/hashicorp/google\"]","instances":[{"schema_version":3,"attributes":{"autoclass":[],"cors":[],"custom_placement_config":[],"default_event_based_hold":false,"effective_labels":{"goog-terraform-provisioned":"true"},"enable_object_retention":false,"encryption":[],"force_destroy":false,"id":"jcarter-volcano-documents","labels":{},"lifecycle_rule":[],"location":"EUROPE-WEST6","logging":[],"name":"jcarter-volcano-documents","project":"lava-dev-436720","project_number":859846301347,"public_access_prevention":"inherited","requester_pays":false,"retention_policy":[],"rpo":null,"self_link":"https://www.googleapis.com/storage/v1/b/jcarter-volcano-documents","soft_delete_policy":[{"effective_time":"2024-09-26T08:42:19.547Z","retention_duration_seconds":604800}],"storage_class":"STANDARD","terraform_labels":{"goog-terraform-provisioned":"true"},"timeouts":null,"uniform_bucket_level_access":true,"url":"gs://jcarter-volcano-documents","versioning":[{"enabled":true}],"website":[]},"sensitive_attributes":[],"private":"eyJlMmJmYjczMC1lY2FhLTExZTYtOGY4OC0zNDM2M2JjN2M0YzAiOnsiY3JlYXRlIjo2MDAwMDAwMDAwMDAsInJlYWQiOjI0MDAwMDAwMDAwMCwidXBkYXRlIjoyNDAwMDAwMDAwMDB9LCJzY2hlbWFfdmVyc2lvbiI6IjMifQ=="}]},{"module":"module.setup[\"jireva\"]","mode":"data","type":"google_project","name":"project","provider":"provider[\"registry.opentofu.org/hashicorp/google\"]","instances":[{"schema_version":0,"attributes":{"auto_create_network":null,"billing_account":"0147EF-64A84A-D3EA60","deletion_policy":"PREVENT","effective_labels":{},"folder_id":"","id":"projects/lava-dev-436720","labels":{},"name":"lava-dev","number":"859846301347","org_id":"377006187738","project_id":"lava-dev-436720","tags":null,"terraform_labels":{}},"sensitive_attributes":[]}]},{"module":"module.setup[\"jireva\"]","mode":"managed","type":"google_bigquery_dataset","name":"dataform","provider":"provider[\"registry.opentofu.org/hashicorp/google\"]","instances":[{"schema_version":0,"attributes":{"access":[{"dataset":[],"domain":"","group_by_email":"","iam_member":"","role":"OWNER","routine":[],"special_group":"","user_by_email":"jir@galoy.io","view":[]},{"dataset":[],"domain":"","group_by_email":"","iam_member":"","role":"OWNER","routine":[],"special_group":"","user_by_email":"jireva-lava-bq-access@lava-dev-436720.iam.gserviceaccount.com","view":[]},{"dataset":[],"domain":"","group_by_email":"","iam_member":"","role":"OWNER","routine":[],"special_group":"","user_by_email":"justin@galoy.io","view":[]},{"dataset":[],"domain":"","group_by_email":"","iam_member":"","role":"OWNER","routine":[],"special_group":"projectOwners","user_by_email":"","view":[]},{"dataset":[],"domain":"","group_by_email":"","iam_member":"","role":"READER","routine":[],"special_group":"projectReaders","user_by_email":"","view":[]},{"dataset":[],"domain":"","group_by_email":"","iam_member":"","role":"WRITER","routine":[],"special_group":"projectWriters","user_by_email":"","view":[]}],"creation_time":1727339308862,"dataset_id":"dataform_jireva","default_collation":"","default_encryption_configuration":[],"default_partition_expiration_ms":0,"default_table_expiration_ms":0,"delete_contents_on_destroy":false,"description":"Dataform for jireva","effective_labels":{"goog-terraform-provisioned":"true"},"etag":"fYqHGLc7VzUzzOtmSiWuQg==","external_dataset_reference":[],"friendly_name":"jireva dataform","id":"projects/lava-dev-436720/datasets/dataform_jireva","is_case_insensitive":false,"labels":{},"last_modified_time":1727339412725,"location":"EU","max_time_travel_hours":"168","project":"lava-dev-436720","resource_tags":{},"self_link":"https://bigquery.googleapis.com/bigquery/v2/projects/lava-dev-436720/datasets/dataform_jireva","storage_billing_model":"","terraform_labels":{"goog-terraform-provisioned":"true"},"timeouts":null},"sensitive_attributes":[],"private":"eyJlMmJmYjczMC1lY2FhLTExZTYtOGY4OC0zNDM2M2JjN2M0YzAiOnsiY3JlYXRlIjoxMjAwMDAwMDAwMDAwLCJkZWxldGUiOjEyMDAwMDAwMDAwMDAsInVwZGF0ZSI6MTIwMDAwMDAwMDAwMH19"}]},{"module":"module.setup[\"jireva\"]","mode":"managed","type":"google_bigquery_dataset","name":"dataform_assertions","provider":"provider[\"registry.opentofu.org/hashicorp/google\"]","instances":[{"schema_version":0,"attributes":{"access":[{"dataset":[],"domain":"","group_by_email":"","iam_member":"","role":"OWNER","routine":[],"special_group":"","user_by_email":"jir@galoy.io","view":[]},{"dataset":[],"domain":"","group_by_email":"","iam_member":"","role":"OWNER","routine":[],"special_group":"","user_by_email":"jireva-lava-bq-access@lava-dev-436720.iam.gserviceaccount.com","view":[]},{"dataset":[],"domain":"","group_by_email":"","iam_member":"","role":"OWNER","routine":[],"special_group":"","user_by_email":"justin@galoy.io","view":[]},{"dataset":[],"domain":"","group_by_email":"","iam_member":"","role":"OWNER","routine":[],"special_group":"projectOwners","user_by_email":"","view":[]},{"dataset":[],"domain":"","group_by_email":"","iam_member":"","role":"READER","routine":[],"special_group":"projectReaders","user_by_email":"","view":[]},{"dataset":[],"domain":"","group_by_email":"","iam_member":"","role":"WRITER","routine":[],"special_group":"projectWriters","user_by_email":"","view":[]}],"creation_time":1727339297456,"dataset_id":"dataform_assertions_jireva","default_collation":"","default_encryption_configuration":[],"default_partition_expiration_ms":0,"default_table_expiration_ms":0,"delete_contents_on_destroy":false,"description":"Dataform assertions for jireva","effective_labels":{"goog-terraform-provisioned":"true"},"etag":"LyZMkSk2zPgYfD7eAkM/GA==","external_dataset_reference":[],"friendly_name":"jireva assertions dataform","id":"projects/lava-dev-436720/datasets/dataform_assertions_jireva","is_case_insensitive":false,"labels":{},"last_modified_time":1727339378325,"location":"EU","max_time_travel_hours":"168","project":"lava-dev-436720","resource_tags":{},"self_link":"https://bigquery.googleapis.com/bigquery/v2/projects/lava-dev-436720/datasets/dataform_assertions_jireva","storage_billing_model":"","terraform_labels":{"goog-terraform-provisioned":"true"},"timeouts":null},"sensitive_attributes":[],"private":"eyJlMmJmYjczMC1lY2FhLTExZTYtOGY4OC0zNDM2M2JjN2M0YzAiOnsiY3JlYXRlIjoxMjAwMDAwMDAwMDAwLCJkZWxldGUiOjEyMDAwMDAwMDAwMDAsInVwZGF0ZSI6MTIwMDAwMDAwMDAwMH19"}]},{"module":"module.setup[\"jireva\"]","mode":"managed","type":"google_bigquery_dataset","name":"dataset","provider":"provider[\"registry.opentofu.org/hashicorp/google\"]","instances":[{"schema_version":0,"attributes":{"access":[{"dataset":[],"domain":"","group_by_email":"","iam_member":"","role":"OWNER","routine":[],"special_group":"","user_by_email":"jir@galoy.io","view":[]},{"dataset":[],"domain":"","group_by_email":"","iam_member":"","role":"OWNER","routine":[],"special_group":"","user_by_email":"jireva-lava-bq-access@lava-dev-436720.iam.gserviceaccount.com","view":[]},{"dataset":[],"domain":"","group_by_email":"","iam_member":"","role":"OWNER","routine":[],"special_group":"","user_by_email":"justin@galoy.io","view":[]},{"dataset":[],"domain":"","group_by_email":"","iam_member":"","role":"OWNER","routine":[],"special_group":"projectOwners","user_by_email":"","view":[]},{"dataset":[],"domain":"","group_by_email":"","iam_member":"","role":"READER","routine":[],"special_group":"projectReaders","user_by_email":"","view":[]},{"dataset":[],"domain":"","group_by_email":"","iam_member":"","role":"WRITER","routine":[],"special_group":"projectWriters","user_by_email":"","view":[]}],"creation_time":1727339302258,"dataset_id":"jireva_dataset","default_collation":"","default_encryption_configuration":[],"default_partition_expiration_ms":0,"default_table_expiration_ms":0,"delete_contents_on_destroy":true,"description":"Dataset for lava-bank jireva","effective_labels":{"goog-terraform-provisioned":"true"},"etag":"ONGfUTZoOxdERaJtjCU2Zg==","external_dataset_reference":[],"friendly_name":"Dataset for lava-bank jireva","id":"projects/lava-dev-436720/datasets/jireva_dataset","is_case_insensitive":false,"labels":{},"last_modified_time":1727339373511,"location":"EU","max_time_travel_hours":"168","project":"lava-dev-436720","resource_tags":{},"self_link":"https://bigquery.googleapis.com/bigquery/v2/projects/lava-dev-436720/datasets/jireva_dataset","storage_billing_model":"","terraform_labels":{"goog-terraform-provisioned":"true"},"timeouts":null},"sensitive_attributes":[],"private":"eyJlMmJmYjczMC1lY2FhLTExZTYtOGY4OC0zNDM2M2JjN2M0YzAiOnsiY3JlYXRlIjoxMjAwMDAwMDAwMDAwLCJkZWxldGUiOjEyMDAwMDAwMDAwMDAsInVwZGF0ZSI6MTIwMDAwMDAwMDAwMH19"}]},{"module":"module.setup[\"jireva\"]","mode":"managed","type":"google_dataform_repository","name":"repository","provider":"provider[\"registry.opentofu.org/hashicorp/google-beta\"]","instances":[{"schema_version":0,"attributes":{"display_name":"Dataform Repository for jireva-repo","effective_labels":{"goog-terraform-provisioned":"true"},"git_remote_settings":[{"authentication_token_secret_version":"projects/859846301347/secrets/jireva-git-token/versions/1","default_branch":"jireva-dataform","ssh_authentication_config":[],"token_status":"","url":"https://github.com/GaloyMoney/lava-bank.git"}],"id":"projects/lava-dev-436720/locations/europe-west6/repositories/jireva-repo","kms_key_name":"","labels":{},"name":"jireva-repo","npmrc_environment_variables_secret_version":"","project":"lava-dev-436720","region":"europe-west6","service_account":"","terraform_labels":{"goog-terraform-provisioned":"true"},"timeouts":null,"workspace_compilation_overrides":[]},"sensitive_attributes":[],"private":"eyJlMmJmYjczMC1lY2FhLTExZTYtOGY4OC0zNDM2M2JjN2M0YzAiOnsiY3JlYXRlIjoxMjAwMDAwMDAwMDAwLCJkZWxldGUiOjEyMDAwMDAwMDAwMDAsInVwZGF0ZSI6MTIwMDAwMDAwMDAwMH19","dependencies":["module.setup.google_secret_manager_secret.git_token","module.setup.google_secret_manager_secret_version.version"]}]},{"module":"module.setup[\"jireva\"]","mode":"managed","type":"google_dataform_repository_release_config","name":"release","provider":"provider[\"registry.opentofu.org/hashicorp/google-beta\"]","instances":[{"schema_version":0,"attributes":{"code_compilation_config":[{"assertion_schema":"dataform_assertions","database_suffix":"","default_database":"lava-dev-436720","default_location":"EU","default_schema":"dataform","schema_suffix":"jireva","table_prefix":"","vars":{"devUser":"jireva","executionEnv":"volcano-dev"}}],"cron_schedule":"","git_commitish":"jireva-dataform","id":"projects/lava-dev-436720/locations/europe-west6/repositories/jireva-repo/releaseConfigs/jireva-release","name":"jireva-release","project":"lava-dev-436720","recent_scheduled_release_records":[],"region":"europe-west6","repository":"jireva-repo","time_zone":"","timeouts":null},"sensitive_attributes":[],"private":"eyJlMmJmYjczMC1lY2FhLTExZTYtOGY4OC0zNDM2M2JjN2M0YzAiOnsiY3JlYXRlIjoxMjAwMDAwMDAwMDAwLCJkZWxldGUiOjEyMDAwMDAwMDAwMDAsInVwZGF0ZSI6MTIwMDAwMDAwMDAwMH19","dependencies":["module.setup.google_dataform_repository.repository","module.setup.google_secret_manager_secret.git_token","module.setup.google_secret_manager_secret_version.version"]}]},{"module":"module.setup[\"jireva\"]","mode":"managed","type":"google_secret_manager_secret","name":"git_token","provider":"provider[\"registry.opentofu.org/hashicorp/google-beta\"]","instances":[{"schema_version":0,"attributes":{"annotations":{},"create_time":"2024-09-26T08:37:00.853544Z","effective_annotations":{},"effective_labels":{"goog-terraform-provisioned":"true"},"expire_time":"","id":"projects/lava-dev-436720/secrets/jireva-git-token","labels":{},"name":"projects/859846301347/secrets/jireva-git-token","project":"lava-dev-436720","replication":[{"auto":[{"customer_managed_encryption":[]}],"user_managed":[]}],"rotation":[],"secret_id":"jireva-git-token","terraform_labels":{"goog-terraform-provisioned":"true"},"timeouts":null,"topics":[],"ttl":null,"version_aliases":{},"version_destroy_ttl":""},"sensitive_attributes":[],"private":"eyJlMmJmYjczMC1lY2FhLTExZTYtOGY4OC0zNDM2M2JjN2M0YzAiOnsiY3JlYXRlIjoxMjAwMDAwMDAwMDAwLCJkZWxldGUiOjEyMDAwMDAwMDAwMDAsInVwZGF0ZSI6MTIwMDAwMDAwMDAwMH19"}]},{"module":"module.setup[\"jireva\"]","mode":"managed","type":"google_secret_manager_secret_version","name":"version","provider":"provider[\"registry.opentofu.org/hashicorp/google-beta\"]","instances":[{"schema_version":0,"attributes":{"create_time":"2024-09-26T08:37:23.541945Z","deletion_policy":"DELETE","destroy_time":"","enabled":true,"id":"projects/859846301347/secrets/jireva-git-token/versions/1","is_secret_data_base64":false,"name":"projects/859846301347/secrets/jireva-git-token/versions/1","secret":"projects/lava-dev-436720/secrets/jireva-git-token","secret_data":"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","timeouts":null,"version":"1"},"sensitive_attributes":[[{"type":"get_attr","value":"secret_data"}]],"private":"eyJlMmJmYjczMC1lY2FhLTExZTYtOGY4OC0zNDM2M2JjN2M0YzAiOnsiY3JlYXRlIjoxMjAwMDAwMDAwMDAwLCJkZWxldGUiOjEyMDAwMDAwMDAwMDAsInVwZGF0ZSI6MTIwMDAwMDAwMDAwMH19","dependencies":["module.setup.google_secret_manager_secret.git_token"]}]},{"module":"module.setup[\"jireva\"]","mode":"managed","type":"google_service_account","name":"bq_access_sa","provider":"provider[\"registry.opentofu.org/hashicorp/google\"]","instances":[{"schema_version":0,"attributes":{"account_id":"jireva-lava-bq-access","create_ignore_already_exists":null,"description":"","disabled":false,"display_name":"Serviae Account for lava-bank BigQuery access","email":"jireva-lava-bq-access@lava-dev-436720.iam.gserviceaccount.com","id":"projects/lava-dev-436720/serviceAccounts/jireva-lava-bq-access@lava-dev-436720.iam.gserviceaccount.com","member":"serviceAccount:jireva-lava-bq-access@lava-dev-436720.iam.gserviceaccount.com","name":"projects/lava-dev-436720/serviceAccounts/jireva-lava-bq-access@lava-dev-436720.iam.gserviceaccount.com","project":"lava-dev-436720","timeouts":null,"unique_id":"101964778577512896835"},"sensitive_attributes":[],"private":"eyJlMmJmYjczMC1lY2FhLTExZTYtOGY4OC0zNDM2M2JjN2M0YzAiOnsiY3JlYXRlIjozMDAwMDAwMDAwMDB9fQ=="}]},{"module":"module.setup[\"jireva\"]","mode":"managed","type":"google_storage_bucket","name":"docs","provider":"provider[\"registry.opentofu.org/hashicorp/google\"]","instances":[{"schema_version":3,"attributes":{"autoclass":[],"cors":[],"custom_placement_config":[],"default_event_based_hold":false,"effective_labels":{"goog-terraform-provisioned":"true"},"enable_object_retention":false,"encryption":[],"force_destroy":false,"id":"jireva-volcano-documents","labels":{},"lifecycle_rule":[],"location":"EUROPE-WEST6","logging":[],"name":"jireva-volcano-documents","project":"lava-dev-436720","project_number":859846301347,"public_access_prevention":"inherited","requester_pays":false,"retention_policy":[],"rpo":null,"self_link":"https://www.googleapis.com/storage/v1/b/jireva-volcano-documents","soft_delete_policy":[{"effective_time":"2024-09-26T08:42:19.098Z","retention_duration_seconds":604800}],"storage_class":"STANDARD","terraform_labels":{"goog-terraform-provisioned":"true"},"timeouts":null,"uniform_bucket_level_access":true,"url":"gs://jireva-volcano-documents","versioning":[{"enabled":true}],"website":[]},"sensitive_attributes":[],"private":"eyJlMmJmYjczMC1lY2FhLTExZTYtOGY4OC0zNDM2M2JjN2M0YzAiOnsiY3JlYXRlIjo2MDAwMDAwMDAwMDAsInJlYWQiOjI0MDAwMDAwMDAwMCwidXBkYXRlIjoyNDAwMDAwMDAwMDB9LCJzY2hlbWFfdmVyc2lvbiI6IjMifQ=="}]},{"module":"module.setup[\"n\"]","mode":"data","type":"google_project","name":"project","provider":"provider[\"registry.opentofu.org/hashicorp/google\"]","instances":[{"schema_version":0,"attributes":{"auto_create_network":null,"billing_account":"0147EF-64A84A-D3EA60","deletion_policy":"PREVENT","effective_labels":{},"folder_id":"","id":"projects/lava-dev-436720","labels":{},"name":"lava-dev","number":"859846301347","org_id":"377006187738","project_id":"lava-dev-436720","tags":null,"terraform_labels":{}},"sensitive_attributes":[]}]},{"module":"module.setup[\"n\"]","mode":"managed","type":"google_bigquery_dataset","name":"dataform","provider":"provider[\"registry.opentofu.org/hashicorp/google\"]","instances":[{"schema_version":0,"attributes":{"access":[{"dataset":[],"domain":"","group_by_email":"","iam_member":"","role":"OWNER","routine":[],"special_group":"","user_by_email":"justin@galoy.io","view":[]},{"dataset":[],"domain":"","group_by_email":"","iam_member":"","role":"OWNER","routine":[],"special_group":"","user_by_email":"n-lava-bq-access@lava-dev-436720.iam.gserviceaccount.com","view":[]},{"dataset":[],"domain":"","group_by_email":"","iam_member":"","role":"OWNER","routine":[],"special_group":"","user_by_email":"nb@galoy.io","view":[]},{"dataset":[],"domain":"","group_by_email":"","iam_member":"","role":"OWNER","routine":[],"special_group":"projectOwners","user_by_email":"","view":[]},{"dataset":[],"domain":"","group_by_email":"","iam_member":"","role":"READER","routine":[],"special_group":"projectReaders","user_by_email":"","view":[]},{"dataset":[],"domain":"","group_by_email":"","iam_member":"","role":"WRITER","routine":[],"special_group":"projectWriters","user_by_email":"","view":[]}],"creation_time":1727339309754,"dataset_id":"dataform_n","default_collation":"","default_encryption_configuration":[],"default_partition_expiration_ms":0,"default_table_expiration_ms":0,"delete_contents_on_destroy":false,"description":"Dataform for n","effective_labels":{"goog-terraform-provisioned":"true"},"etag":"MOW/fm5Tb9KrDv/O316irQ==","external_dataset_reference":[],"friendly_name":"n dataform","id":"projects/lava-dev-436720/datasets/dataform_n","is_case_insensitive":false,"labels":{},"last_modified_time":1727339425922,"location":"EU","max_time_travel_hours":"168","project":"lava-dev-436720","resource_tags":{},"self_link":"https://bigquery.googleapis.com/bigquery/v2/projects/lava-dev-436720/datasets/dataform_n","storage_billing_model":"","terraform_labels":{"goog-terraform-provisioned":"true"},"timeouts":null},"sensitive_attributes":[],"private":"eyJlMmJmYjczMC1lY2FhLTExZTYtOGY4OC0zNDM2M2JjN2M0YzAiOnsiY3JlYXRlIjoxMjAwMDAwMDAwMDAwLCJkZWxldGUiOjEyMDAwMDAwMDAwMDAsInVwZGF0ZSI6MTIwMDAwMDAwMDAwMH19"}]},{"module":"module.setup[\"n\"]","mode":"managed","type":"google_bigquery_dataset","name":"dataform_assertions","provider":"provider[\"registry.opentofu.org/hashicorp/google\"]","instances":[{"schema_version":0,"attributes":{"access":[{"dataset":[],"domain":"","group_by_email":"","iam_member":"","role":"OWNER","routine":[],"special_group":"","user_by_email":"justin@galoy.io","view":[]},{"dataset":[],"domain":"","group_by_email":"","iam_member":"","role":"OWNER","routine":[],"special_group":"","user_by_email":"n-lava-bq-access@lava-dev-436720.iam.gserviceaccount.com","view":[]},{"dataset":[],"domain":"","group_by_email":"","iam_member":"","role":"OWNER","routine":[],"special_group":"","user_by_email":"nb@galoy.io","view":[]},{"dataset":[],"domain":"","group_by_email":"","iam_member":"","role":"OWNER","routine":[],"special_group":"projectOwners","user_by_email":"","view":[]},{"dataset":[],"domain":"","group_by_email":"","iam_member":"","role":"READER","routine":[],"special_group":"projectReaders","user_by_email":"","view":[]},{"dataset":[],"domain":"","group_by_email":"","iam_member":"","role":"WRITER","routine":[],"special_group":"projectWriters","user_by_email":"","view":[]}],"creation_time":1727339303764,"dataset_id":"dataform_assertions_n","default_collation":"","default_encryption_configuration":[],"default_partition_expiration_ms":0,"default_table_expiration_ms":0,"delete_contents_on_destroy":false,"description":"Dataform assertions for n","effective_labels":{"goog-terraform-provisioned":"true"},"etag":"7IgB2faV/bDSt0ivNUZ18A==","external_dataset_reference":[],"friendly_name":"n assertions dataform","id":"projects/lava-dev-436720/datasets/dataform_assertions_n","is_case_insensitive":false,"labels":{},"last_modified_time":1727339422905,"location":"EU","max_time_travel_hours":"168","project":"lava-dev-436720","resource_tags":{},"self_link":"https://bigquery.googleapis.com/bigquery/v2/projects/lava-dev-436720/datasets/dataform_assertions_n","storage_billing_model":"","terraform_labels":{"goog-terraform-provisioned":"true"},"timeouts":null},"sensitive_attributes":[],"private":"eyJlMmJmYjczMC1lY2FhLTExZTYtOGY4OC0zNDM2M2JjN2M0YzAiOnsiY3JlYXRlIjoxMjAwMDAwMDAwMDAwLCJkZWxldGUiOjEyMDAwMDAwMDAwMDAsInVwZGF0ZSI6MTIwMDAwMDAwMDAwMH19"}]},{"module":"module.setup[\"n\"]","mode":"managed","type":"google_bigquery_dataset","name":"dataset","provider":"provider[\"registry.opentofu.org/hashicorp/google\"]","instances":[{"schema_version":0,"attributes":{"access":[{"dataset":[],"domain":"","group_by_email":"","iam_member":"","role":"OWNER","routine":[],"special_group":"","user_by_email":"justin@galoy.io","view":[]},{"dataset":[],"domain":"","group_by_email":"","iam_member":"","role":"OWNER","routine":[],"special_group":"","user_by_email":"n-lava-bq-access@lava-dev-436720.iam.gserviceaccount.com","view":[]},{"dataset":[],"domain":"","group_by_email":"","iam_member":"","role":"OWNER","routine":[],"special_group":"","user_by_email":"nb@galoy.io","view":[]},{"dataset":[],"domain":"","group_by_email":"","iam_member":"","role":"OWNER","routine":[],"special_group":"projectOwners","user_by_email":"","view":[]},{"dataset":[],"domain":"","group_by_email":"","iam_member":"","role":"READER","routine":[],"special_group":"projectReaders","user_by_email":"","view":[]},{"dataset":[],"domain":"","group_by_email":"","iam_member":"","role":"WRITER","routine":[],"special_group":"projectWriters","user_by_email":"","view":[]}],"creation_time":1727339304267,"dataset_id":"n_dataset","default_collation":"","default_encryption_configuration":[],"default_partition_expiration_ms":0,"default_table_expiration_ms":0,"delete_contents_on_destroy":true,"description":"Dataset for lava-bank n","effective_labels":{"goog-terraform-provisioned":"true"},"etag":"4GewZNFx+rjS5PkxHYJKkg==","external_dataset_reference":[],"friendly_name":"Dataset for lava-bank n","id":"projects/lava-dev-436720/datasets/n_dataset","is_case_insensitive":false,"labels":{},"last_modified_time":1727339420326,"location":"EU","max_time_travel_hours":"168","project":"lava-dev-436720","resource_tags":{},"self_link":"https://bigquery.googleapis.com/bigquery/v2/projects/lava-dev-436720/datasets/n_dataset","storage_billing_model":"","terraform_labels":{"goog-terraform-provisioned":"true"},"timeouts":null},"sensitive_attributes":[],"private":"eyJlMmJmYjczMC1lY2FhLTExZTYtOGY4OC0zNDM2M2JjN2M0YzAiOnsiY3JlYXRlIjoxMjAwMDAwMDAwMDAwLCJkZWxldGUiOjEyMDAwMDAwMDAwMDAsInVwZGF0ZSI6MTIwMDAwMDAwMDAwMH19"}]},{"module":"module.setup[\"n\"]","mode":"managed","type":"google_dataform_repository","name":"repository","provider":"provider[\"registry.opentofu.org/hashicorp/google-beta\"]","instances":[{"schema_version":0,"attributes":{"display_name":"Dataform Repository for n-repo","effective_labels":{"goog-terraform-provisioned":"true"},"git_remote_settings":[{"authentication_token_secret_version":"projects/859846301347/secrets/n-git-token/versions/1","default_branch":"n-dataform","ssh_authentication_config":[],"token_status":"","url":"https://github.com/GaloyMoney/lava-bank.git"}],"id":"projects/lava-dev-436720/locations/europe-west6/repositories/n-repo","kms_key_name":"","labels":{},"name":"n-repo","npmrc_environment_variables_secret_version":"","project":"lava-dev-436720","region":"europe-west6","service_account":"","terraform_labels":{"goog-terraform-provisioned":"true"},"timeouts":null,"workspace_compilation_overrides":[]},"sensitive_attributes":[],"private":"eyJlMmJmYjczMC1lY2FhLTExZTYtOGY4OC0zNDM2M2JjN2M0YzAiOnsiY3JlYXRlIjoxMjAwMDAwMDAwMDAwLCJkZWxldGUiOjEyMDAwMDAwMDAwMDAsInVwZGF0ZSI6MTIwMDAwMDAwMDAwMH19","dependencies":["module.setup.google_secret_manager_secret.git_token","module.setup.google_secret_manager_secret_version.version"]}]},{"module":"module.setup[\"n\"]","mode":"managed","type":"google_dataform_repository_release_config","name":"release","provider":"provider[\"registry.opentofu.org/hashicorp/google-beta\"]","instances":[{"schema_version":0,"attributes":{"code_compilation_config":[{"assertion_schema":"dataform_assertions","database_suffix":"","default_database":"lava-dev-436720","default_location":"EU","default_schema":"dataform","schema_suffix":"n","table_prefix":"","vars":{"devUser":"n","executionEnv":"volcano-dev"}}],"cron_schedule":"","git_commitish":"n-dataform","id":"projects/lava-dev-436720/locations/europe-west6/repositories/n-repo/releaseConfigs/n-release","name":"n-release","project":"lava-dev-436720","recent_scheduled_release_records":[],"region":"europe-west6","repository":"n-repo","time_zone":"","timeouts":null},"sensitive_attributes":[],"private":"eyJlMmJmYjczMC1lY2FhLTExZTYtOGY4OC0zNDM2M2JjN2M0YzAiOnsiY3JlYXRlIjoxMjAwMDAwMDAwMDAwLCJkZWxldGUiOjEyMDAwMDAwMDAwMDAsInVwZGF0ZSI6MTIwMDAwMDAwMDAwMH19","dependencies":["module.setup.google_dataform_repository.repository","module.setup.google_secret_manager_secret.git_token","module.setup.google_secret_manager_secret_version.version"]}]},{"module":"module.setup[\"n\"]","mode":"managed","type":"google_secret_manager_secret","name":"git_token","provider":"provider[\"registry.opentofu.org/hashicorp/google-beta\"]","instances":[{"schema_version":0,"attributes":{"annotations":{},"create_time":"2024-09-26T08:42:19.752441Z","effective_annotations":{},"effective_labels":{"goog-terraform-provisioned":"true"},"expire_time":"","id":"projects/lava-dev-436720/secrets/n-git-token","labels":{},"name":"projects/859846301347/secrets/n-git-token","project":"lava-dev-436720","replication":[{"auto":[{"customer_managed_encryption":[]}],"user_managed":[]}],"rotation":[],"secret_id":"n-git-token","terraform_labels":{"goog-terraform-provisioned":"true"},"timeouts":null,"topics":[],"ttl":null,"version_aliases":{},"version_destroy_ttl":""},"sensitive_attributes":[],"private":"eyJlMmJmYjczMC1lY2FhLTExZTYtOGY4OC0zNDM2M2JjN2M0YzAiOnsiY3JlYXRlIjoxMjAwMDAwMDAwMDAwLCJkZWxldGUiOjEyMDAwMDAwMDAwMDAsInVwZGF0ZSI6MTIwMDAwMDAwMDAwMH19"}]},{"module":"module.setup[\"n\"]","mode":"managed","type":"google_secret_manager_secret_version","name":"version","provider":"provider[\"registry.opentofu.org/hashicorp/google-beta\"]","instances":[{"schema_version":0,"attributes":{"create_time":"2024-09-26T08:42:21.338593Z","deletion_policy":"DELETE","destroy_time":"","enabled":true,"id":"projects/859846301347/secrets/n-git-token/versions/1","is_secret_data_base64":false,"name":"projects/859846301347/secrets/n-git-token/versions/1","secret":"projects/lava-dev-436720/secrets/n-git-token","secret_data":"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","timeouts":null,"version":"1"},"sensitive_attributes":[[{"type":"get_attr","value":"secret_data"}]],"private":"eyJlMmJmYjczMC1lY2FhLTExZTYtOGY4OC0zNDM2M2JjN2M0YzAiOnsiY3JlYXRlIjoxMjAwMDAwMDAwMDAwLCJkZWxldGUiOjEyMDAwMDAwMDAwMDAsInVwZGF0ZSI6MTIwMDAwMDAwMDAwMH19","dependencies":["module.setup.google_secret_manager_secret.git_token"]}]},{"module":"module.setup[\"n\"]","mode":"managed","type":"google_service_account","name":"bq_access_sa","provider":"provider[\"registry.opentofu.org/hashicorp/google\"]","instances":[{"schema_version":0,"attributes":{"account_id":"n-lava-bq-access","create_ignore_already_exists":null,"description":"","disabled":false,"display_name":"Serviae Account for lava-bank BigQuery access","email":"n-lava-bq-access@lava-dev-436720.iam.gserviceaccount.com","id":"projects/lava-dev-436720/serviceAccounts/n-lava-bq-access@lava-dev-436720.iam.gserviceaccount.com","member":"serviceAccount:n-lava-bq-access@lava-dev-436720.iam.gserviceaccount.com","name":"projects/lava-dev-436720/serviceAccounts/n-lava-bq-access@lava-dev-436720.iam.gserviceaccount.com","project":"lava-dev-436720","timeouts":null,"unique_id":"103906138690173747359"},"sensitive_attributes":[],"private":"eyJlMmJmYjczMC1lY2FhLTExZTYtOGY4OC0zNDM2M2JjN2M0YzAiOnsiY3JlYXRlIjozMDAwMDAwMDAwMDB9fQ=="}]},{"module":"module.setup[\"n\"]","mode":"managed","type":"google_storage_bucket","name":"docs","provider":"provider[\"registry.opentofu.org/hashicorp/google\"]","instances":[{"schema_version":3,"attributes":{"autoclass":[],"cors":[],"custom_placement_config":[],"default_event_based_hold":false,"effective_labels":{"goog-terraform-provisioned":"true"},"enable_object_retention":false,"encryption":[],"force_destroy":false,"id":"n-volcano-documents","labels":{},"lifecycle_rule":[],"location":"EUROPE-WEST6","logging":[],"name":"n-volcano-documents","project":"lava-dev-436720","project_number":859846301347,"public_access_prevention":"inherited","requester_pays":false,"retention_policy":[],"rpo":null,"self_link":"https://www.googleapis.com/storage/v1/b/n-volcano-documents","soft_delete_policy":[{"effective_time":"2024-09-26T08:42:19.597Z","retention_duration_seconds":604800}],"storage_class":"STANDARD","terraform_labels":{"goog-terraform-provisioned":"true"},"timeouts":null,"uniform_bucket_level_access":true,"url":"gs://n-volcano-documents","versioning":[{"enabled":true}],"website":[]},"sensitive_attributes":[],"private":"eyJlMmJmYjczMC1lY2FhLTExZTYtOGY4OC0zNDM2M2JjN2M0YzAiOnsiY3JlYXRlIjo2MDAwMDAwMDAwMDAsInJlYWQiOjI0MDAwMDAwMDAwMCwidXBkYXRlIjoyNDAwMDAwMDAwMDB9LCJzY2hlbWFfdmVyc2lvbiI6IjMifQ=="}]},{"module":"module.setup[\"sandipndev\"]","mode":"data","type":"google_project","name":"project","provider":"provider[\"registry.opentofu.org/hashicorp/google\"]","instances":[{"schema_version":0,"attributes":{"auto_create_network":null,"billing_account":"0147EF-64A84A-D3EA60","deletion_policy":"PREVENT","effective_labels":{},"folder_id":"","id":"projects/lava-dev-436720","labels":{},"name":"lava-dev","number":"859846301347","org_id":"377006187738","project_id":"lava-dev-436720","tags":null,"terraform_labels":{}},"sensitive_attributes":[]}]},{"module":"module.setup[\"sandipndev\"]","mode":"managed","type":"google_bigquery_dataset","name":"dataform","provider":"provider[\"registry.opentofu.org/hashicorp/google\"]","instances":[{"schema_version":0,"attributes":{"access":[{"dataset":[],"domain":"","group_by_email":"","iam_member":"","role":"OWNER","routine":[],"special_group":"","user_by_email":"justin@galoy.io","view":[]},{"dataset":[],"domain":"","group_by_email":"","iam_member":"","role":"OWNER","routine":[],"special_group":"","user_by_email":"sandipan@galoy.io","view":[]},{"dataset":[],"domain":"","group_by_email":"","iam_member":"","role":"OWNER","routine":[],"special_group":"","user_by_email":"sandipndev-lava-bq-access@lava-dev-436720.iam.gserviceaccount.com","view":[]},{"dataset":[],"domain":"","group_by_email":"","iam_member":"","role":"OWNER","routine":[],"special_group":"projectOwners","user_by_email":"","view":[]},{"dataset":[],"domain":"","group_by_email":"","iam_member":"","role":"READER","routine":[],"special_group":"projectReaders","user_by_email":"","view":[]},{"dataset":[],"domain":"","group_by_email":"","iam_member":"","role":"WRITER","routine":[],"special_group":"projectWriters","user_by_email":"","view":[]}],"creation_time":1727339297668,"dataset_id":"dataform_sandipndev","default_collation":"","default_encryption_configuration":[],"default_partition_expiration_ms":0,"default_table_expiration_ms":0,"delete_contents_on_destroy":false,"description":"Dataform for sandipndev","effective_labels":{"goog-terraform-provisioned":"true"},"etag":"lpM9cK5ncLarVtJvPoV/UQ==","external_dataset_reference":[],"friendly_name":"sandipndev dataform","id":"projects/lava-dev-436720/datasets/dataform_sandipndev","is_case_insensitive":false,"labels":{},"last_modified_time":1727339429711,"location":"EU","max_time_travel_hours":"168","project":"lava-dev-436720","resource_tags":{},"self_link":"https://bigquery.googleapis.com/bigquery/v2/projects/lava-dev-436720/datasets/dataform_sandipndev","storage_billing_model":"","terraform_labels":{"goog-terraform-provisioned":"true"},"timeouts":null},"sensitive_attributes":[],"private":"eyJlMmJmYjczMC1lY2FhLTExZTYtOGY4OC0zNDM2M2JjN2M0YzAiOnsiY3JlYXRlIjoxMjAwMDAwMDAwMDAwLCJkZWxldGUiOjEyMDAwMDAwMDAwMDAsInVwZGF0ZSI6MTIwMDAwMDAwMDAwMH19"}]},{"module":"module.setup[\"sandipndev\"]","mode":"managed","type":"google_bigquery_dataset","name":"dataform_assertions","provider":"provider[\"registry.opentofu.org/hashicorp/google\"]","instances":[{"schema_version":0,"attributes":{"access":[{"dataset":[],"domain":"","group_by_email":"","iam_member":"","role":"OWNER","routine":[],"special_group":"","user_by_email":"justin@galoy.io","view":[]},{"dataset":[],"domain":"","group_by_email":"","iam_member":"","role":"OWNER","routine":[],"special_group":"","user_by_email":"sandipan@galoy.io","view":[]},{"dataset":[],"domain":"","group_by_email":"","iam_member":"","role":"OWNER","routine":[],"special_group":"","user_by_email":"sandipndev-lava-bq-access@lava-dev-436720.iam.gserviceaccount.com","view":[]},{"dataset":[],"domain":"","group_by_email":"","iam_member":"","role":"OWNER","routine":[],"special_group":"projectOwners","user_by_email":"","view":[]},{"dataset":[],"domain":"","group_by_email":"","iam_member":"","role":"READER","routine":[],"special_group":"projectReaders","user_by_email":"","view":[]},{"dataset":[],"domain":"","group_by_email":"","iam_member":"","role":"WRITER","routine":[],"special_group":"projectWriters","user_by_email":"","view":[]}],"creation_time":1727339297471,"dataset_id":"dataform_assertions_sandipndev","default_collation":"","default_encryption_configuration":[],"default_partition_expiration_ms":0,"default_table_expiration_ms":0,"delete_contents_on_destroy":false,"description":"Dataform assertions for sandipndev","effective_labels":{"goog-terraform-provisioned":"true"},"etag":"piAAGSOfR2+OpM9LPq68zQ==","external_dataset_reference":[],"friendly_name":"sandipndev assertions dataform","id":"projects/lava-dev-436720/datasets/dataform_assertions_sandipndev","is_case_insensitive":false,"labels":{},"last_modified_time":1727339427533,"location":"EU","max_time_travel_hours":"168","project":"lava-dev-436720","resource_tags":{},"self_link":"https://bigquery.googleapis.com/bigquery/v2/projects/lava-dev-436720/datasets/dataform_assertions_sandipndev","storage_billing_model":"","terraform_labels":{"goog-terraform-provisioned":"true"},"timeouts":null},"sensitive_attributes":[],"private":"eyJlMmJmYjczMC1lY2FhLTExZTYtOGY4OC0zNDM2M2JjN2M0YzAiOnsiY3JlYXRlIjoxMjAwMDAwMDAwMDAwLCJkZWxldGUiOjEyMDAwMDAwMDAwMDAsInVwZGF0ZSI6MTIwMDAwMDAwMDAwMH19"}]},{"module":"module.setup[\"sandipndev\"]","mode":"managed","type":"google_bigquery_dataset","name":"dataset","provider":"provider[\"registry.opentofu.org/hashicorp/google\"]","instances":[{"schema_version":0,"attributes":{"access":[{"dataset":[],"domain":"","group_by_email":"","iam_member":"","role":"OWNER","routine":[],"special_group":"","user_by_email":"justin@galoy.io","view":[]},{"dataset":[],"domain":"","group_by_email":"","iam_member":"","role":"OWNER","routine":[],"special_group":"","user_by_email":"sandipan@galoy.io","view":[]},{"dataset":[],"domain":"","group_by_email":"","iam_member":"","role":"OWNER","routine":[],"special_group":"","user_by_email":"sandipndev-lava-bq-access@lava-dev-436720.iam.gserviceaccount.com","view":[]},{"dataset":[],"domain":"","group_by_email":"","iam_member":"","role":"OWNER","routine":[],"special_group":"projectOwners","user_by_email":"","view":[]},{"dataset":[],"domain":"","group_by_email":"","iam_member":"","role":"READER","routine":[],"special_group":"projectReaders","user_by_email":"","view":[]},{"dataset":[],"domain":"","group_by_email":"","iam_member":"","role":"WRITER","routine":[],"special_group":"projectWriters","user_by_email":"","view":[]}],"creation_time":1727339302164,"dataset_id":"sandipndev_dataset","default_collation":"","default_encryption_configuration":[],"default_partition_expiration_ms":0,"default_table_expiration_ms":0,"delete_contents_on_destroy":true,"description":"Dataset for lava-bank sandipndev","effective_labels":{"goog-terraform-provisioned":"true"},"etag":"E4ACmSylQq4T85uY9HMoSA==","external_dataset_reference":[],"friendly_name":"Dataset for lava-bank sandipndev","id":"projects/lava-dev-436720/datasets/sandipndev_dataset","is_case_insensitive":false,"labels":{},"last_modified_time":1727339428996,"location":"EU","max_time_travel_hours":"168","project":"lava-dev-436720","resource_tags":{},"self_link":"https://bigquery.googleapis.com/bigquery/v2/projects/lava-dev-436720/datasets/sandipndev_dataset","storage_billing_model":"","terraform_labels":{"goog-terraform-provisioned":"true"},"timeouts":null},"sensitive_attributes":[],"private":"eyJlMmJmYjczMC1lY2FhLTExZTYtOGY4OC0zNDM2M2JjN2M0YzAiOnsiY3JlYXRlIjoxMjAwMDAwMDAwMDAwLCJkZWxldGUiOjEyMDAwMDAwMDAwMDAsInVwZGF0ZSI6MTIwMDAwMDAwMDAwMH19"}]},{"module":"module.setup[\"sandipndev\"]","mode":"managed","type":"google_dataform_repository","name":"repository","provider":"provider[\"registry.opentofu.org/hashicorp/google-beta\"]","instances":[{"schema_version":0,"attributes":{"display_name":"Dataform Repository for sandipndev-repo","effective_labels":{"goog-terraform-provisioned":"true"},"git_remote_settings":[{"authentication_token_secret_version":"projects/859846301347/secrets/sandipndev-git-token/versions/1","default_branch":"sandipndev-dataform","ssh_authentication_config":[],"token_status":"","url":"https://github.com/GaloyMoney/lava-bank.git"}],"id":"projects/lava-dev-436720/locations/europe-west6/repositories/sandipndev-repo","kms_key_name":"","labels":{},"name":"sandipndev-repo","npmrc_environment_variables_secret_version":"","project":"lava-dev-436720","region":"europe-west6","service_account":"","terraform_labels":{"goog-terraform-provisioned":"true"},"timeouts":null,"workspace_compilation_overrides":[]},"sensitive_attributes":[],"private":"eyJlMmJmYjczMC1lY2FhLTExZTYtOGY4OC0zNDM2M2JjN2M0YzAiOnsiY3JlYXRlIjoxMjAwMDAwMDAwMDAwLCJkZWxldGUiOjEyMDAwMDAwMDAwMDAsInVwZGF0ZSI6MTIwMDAwMDAwMDAwMH19","dependencies":["module.setup.google_secret_manager_secret.git_token","module.setup.google_secret_manager_secret_version.version"]}]},{"module":"module.setup[\"sandipndev\"]","mode":"managed","type":"google_dataform_repository_release_config","name":"release","provider":"provider[\"registry.opentofu.org/hashicorp/google-beta\"]","instances":[{"schema_version":0,"attributes":{"code_compilation_config":[{"assertion_schema":"dataform_assertions","database_suffix":"","default_database":"lava-dev-436720","default_location":"EU","default_schema":"dataform","schema_suffix":"sandipndev","table_prefix":"","vars":{"devUser":"sandipndev","executionEnv":"volcano-dev"}}],"cron_schedule":"","git_commitish":"sandipndev-dataform","id":"projects/lava-dev-436720/locations/europe-west6/repositories/sandipndev-repo/releaseConfigs/sandipndev-release","name":"sandipndev-release","project":"lava-dev-436720","recent_scheduled_release_records":[],"region":"europe-west6","repository":"sandipndev-repo","time_zone":"","timeouts":null},"sensitive_attributes":[],"private":"eyJlMmJmYjczMC1lY2FhLTExZTYtOGY4OC0zNDM2M2JjN2M0YzAiOnsiY3JlYXRlIjoxMjAwMDAwMDAwMDAwLCJkZWxldGUiOjEyMDAwMDAwMDAwMDAsInVwZGF0ZSI6MTIwMDAwMDAwMDAwMH19","dependencies":["module.setup.google_dataform_repository.repository","module.setup.google_secret_manager_secret.git_token","module.setup.google_secret_manager_secret_version.version"]}]},{"module":"module.setup[\"sandipndev\"]","mode":"managed","type":"google_secret_manager_secret","name":"git_token","provider":"provider[\"registry.opentofu.org/hashicorp/google-beta\"]","instances":[{"schema_version":0,"attributes":{"annotations":{},"create_time":"2024-09-26T08:37:01.129292Z","effective_annotations":{},"effective_labels":{"goog-terraform-provisioned":"true"},"expire_time":"","id":"projects/lava-dev-436720/secrets/sandipndev-git-token","labels":{},"name":"projects/859846301347/secrets/sandipndev-git-token","project":"lava-dev-436720","replication":[{"auto":[{"customer_managed_encryption":[]}],"user_managed":[]}],"rotation":[],"secret_id":"sandipndev-git-token","terraform_labels":{"goog-terraform-provisioned":"true"},"timeouts":null,"topics":[],"ttl":null,"version_aliases":{},"version_destroy_ttl":""},"sensitive_attributes":[],"private":"eyJlMmJmYjczMC1lY2FhLTExZTYtOGY4OC0zNDM2M2JjN2M0YzAiOnsiY3JlYXRlIjoxMjAwMDAwMDAwMDAwLCJkZWxldGUiOjEyMDAwMDAwMDAwMDAsInVwZGF0ZSI6MTIwMDAwMDAwMDAwMH19"}]},{"module":"module.setup[\"sandipndev\"]","mode":"managed","type":"google_secret_manager_secret_version","name":"version","provider":"provider[\"registry.opentofu.org/hashicorp/google-beta\"]","instances":[{"schema_version":0,"attributes":{"create_time":"2024-09-26T08:37:23.695170Z","deletion_policy":"DELETE","destroy_time":"","enabled":true,"id":"projects/859846301347/secrets/sandipndev-git-token/versions/1","is_secret_data_base64":false,"name":"projects/859846301347/secrets/sandipndev-git-token/versions/1","secret":"projects/lava-dev-436720/secrets/sandipndev-git-token","secret_data":"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","timeouts":null,"version":"1"},"sensitive_attributes":[[{"type":"get_attr","value":"secret_data"}]],"private":"eyJlMmJmYjczMC1lY2FhLTExZTYtOGY4OC0zNDM2M2JjN2M0YzAiOnsiY3JlYXRlIjoxMjAwMDAwMDAwMDAwLCJkZWxldGUiOjEyMDAwMDAwMDAwMDAsInVwZGF0ZSI6MTIwMDAwMDAwMDAwMH19","dependencies":["module.setup.google_secret_manager_secret.git_token"]}]},{"module":"module.setup[\"sandipndev\"]","mode":"managed","type":"google_service_account","name":"bq_access_sa","provider":"provider[\"registry.opentofu.org/hashicorp/google\"]","instances":[{"schema_version":0,"attributes":{"account_id":"sandipndev-lava-bq-access","create_ignore_already_exists":null,"description":"","disabled":false,"display_name":"Serviae Account for lava-bank BigQuery access","email":"sandipndev-lava-bq-access@lava-dev-436720.iam.gserviceaccount.com","id":"projects/lava-dev-436720/serviceAccounts/sandipndev-lava-bq-access@lava-dev-436720.iam.gserviceaccount.com","member":"serviceAccount:sandipndev-lava-bq-access@lava-dev-436720.iam.gserviceaccount.com","name":"projects/lava-dev-436720/serviceAccounts/sandipndev-lava-bq-access@lava-dev-436720.iam.gserviceaccount.com","project":"lava-dev-436720","timeouts":null,"unique_id":"111401512375568810014"},"sensitive_attributes":[],"private":"eyJlMmJmYjczMC1lY2FhLTExZTYtOGY4OC0zNDM2M2JjN2M0YzAiOnsiY3JlYXRlIjozMDAwMDAwMDAwMDB9fQ=="}]},{"module":"module.setup[\"sandipndev\"]","mode":"managed","type":"google_storage_bucket","name":"docs","provider":"provider[\"registry.opentofu.org/hashicorp/google\"]","instances":[{"schema_version":3,"attributes":{"autoclass":[],"cors":[],"custom_placement_config":[],"default_event_based_hold":false,"effective_labels":{"goog-terraform-provisioned":"true"},"enable_object_retention":false,"encryption":[],"force_destroy":false,"id":"sandipndev-volcano-documents","labels":{},"lifecycle_rule":[],"location":"EUROPE-WEST6","logging":[],"name":"sandipndev-volcano-documents","project":"lava-dev-436720","project_number":859846301347,"public_access_prevention":"inherited","requester_pays":false,"retention_policy":[],"rpo":null,"self_link":"https://www.googleapis.com/storage/v1/b/sandipndev-volcano-documents","soft_delete_policy":[{"effective_time":"2024-09-26T08:42:19.755Z","retention_duration_seconds":604800}],"storage_class":"STANDARD","terraform_labels":{"goog-terraform-provisioned":"true"},"timeouts":null,"uniform_bucket_level_access":true,"url":"gs://sandipndev-volcano-documents","versioning":[{"enabled":true}],"website":[]},"sensitive_attributes":[],"private":"eyJlMmJmYjczMC1lY2FhLTExZTYtOGY4OC0zNDM2M2JjN2M0YzAiOnsiY3JlYXRlIjo2MDAwMDAwMDAwMDAsInJlYWQiOjI0MDAwMDAwMDAwMCwidXBkYXRlIjoyNDAwMDAwMDAwMDB9LCJzY2hlbWFfdmVyc2lvbiI6IjMifQ=="}]},{"module":"module.setup[\"siddharth\"]","mode":"data","type":"google_project","name":"project","provider":"provider[\"registry.opentofu.org/hashicorp/google\"]","instances":[{"schema_version":0,"attributes":{"auto_create_network":null,"billing_account":"0147EF-64A84A-D3EA60","deletion_policy":"PREVENT","effective_labels":{},"folder_id":"","id":"projects/lava-dev-436720","labels":{},"name":"lava-dev","number":"859846301347","org_id":"377006187738","project_id":"lava-dev-436720","tags":null,"terraform_labels":{}},"sensitive_attributes":[]}]},{"module":"module.setup[\"siddharth\"]","mode":"managed","type":"google_bigquery_dataset","name":"dataform","provider":"provider[\"registry.opentofu.org/hashicorp/google\"]","instances":[{"schema_version":0,"attributes":{"access":[{"dataset":[],"domain":"","group_by_email":"","iam_member":"","role":"OWNER","routine":[],"special_group":"","user_by_email":"justin@galoy.io","view":[]},{"dataset":[],"domain":"","group_by_email":"","iam_member":"","role":"OWNER","routine":[],"special_group":"","user_by_email":"siddharth-lava-bq-access@lava-dev-436720.iam.gserviceaccount.com","view":[]},{"dataset":[],"domain":"","group_by_email":"","iam_member":"","role":"OWNER","routine":[],"special_group":"","user_by_email":"siddharth@galoy.io","view":[]},{"dataset":[],"domain":"","group_by_email":"","iam_member":"","role":"OWNER","routine":[],"special_group":"projectOwners","user_by_email":"","view":[]},{"dataset":[],"domain":"","group_by_email":"","iam_member":"","role":"READER","routine":[],"special_group":"projectReaders","user_by_email":"","view":[]},{"dataset":[],"domain":"","group_by_email":"","iam_member":"","role":"WRITER","routine":[],"special_group":"projectWriters","user_by_email":"","view":[]}],"creation_time":1727339308464,"dataset_id":"dataform_siddharth","default_collation":"","default_encryption_configuration":[],"default_partition_expiration_ms":0,"default_table_expiration_ms":0,"delete_contents_on_destroy":false,"description":"Dataform for siddharth","effective_labels":{"goog-terraform-provisioned":"true"},"etag":"dzwYEN6h+0Y3FbPig+i+sg==","external_dataset_reference":[],"friendly_name":"siddharth dataform","id":"projects/lava-dev-436720/datasets/dataform_siddharth","is_case_insensitive":false,"labels":{},"last_modified_time":1727339413212,"location":"EU","max_time_travel_hours":"168","project":"lava-dev-436720","resource_tags":{},"self_link":"https://bigquery.googleapis.com/bigquery/v2/projects/lava-dev-436720/datasets/dataform_siddharth","storage_billing_model":"","terraform_labels":{"goog-terraform-provisioned":"true"},"timeouts":null},"sensitive_attributes":[],"private":"eyJlMmJmYjczMC1lY2FhLTExZTYtOGY4OC0zNDM2M2JjN2M0YzAiOnsiY3JlYXRlIjoxMjAwMDAwMDAwMDAwLCJkZWxldGUiOjEyMDAwMDAwMDAwMDAsInVwZGF0ZSI6MTIwMDAwMDAwMDAwMH19"}]},{"module":"module.setup[\"siddharth\"]","mode":"managed","type":"google_bigquery_dataset","name":"dataform_assertions","provider":"provider[\"registry.opentofu.org/hashicorp/google\"]","instances":[{"schema_version":0,"attributes":{"access":[{"dataset":[],"domain":"","group_by_email":"","iam_member":"","role":"OWNER","routine":[],"special_group":"","user_by_email":"justin@galoy.io","view":[]},{"dataset":[],"domain":"","group_by_email":"","iam_member":"","role":"OWNER","routine":[],"special_group":"","user_by_email":"siddharth-lava-bq-access@lava-dev-436720.iam.gserviceaccount.com","view":[]},{"dataset":[],"domain":"","group_by_email":"","iam_member":"","role":"OWNER","routine":[],"special_group":"","user_by_email":"siddharth@galoy.io","view":[]},{"dataset":[],"domain":"","group_by_email":"","iam_member":"","role":"OWNER","routine":[],"special_group":"projectOwners","user_by_email":"","view":[]},{"dataset":[],"domain":"","group_by_email":"","iam_member":"","role":"READER","routine":[],"special_group":"projectReaders","user_by_email":"","view":[]},{"dataset":[],"domain":"","group_by_email":"","iam_member":"","role":"WRITER","routine":[],"special_group":"projectWriters","user_by_email":"","view":[]}],"creation_time":1727339303506,"dataset_id":"dataform_assertions_siddharth","default_collation":"","default_encryption_configuration":[],"default_partition_expiration_ms":0,"default_table_expiration_ms":0,"delete_contents_on_destroy":false,"description":"Dataform assertions for siddharth","effective_labels":{"goog-terraform-provisioned":"true"},"etag":"SdMmQQyfW52EaiBaPTybvg==","external_dataset_reference":[],"friendly_name":"siddharth assertions dataform","id":"projects/lava-dev-436720/datasets/dataform_assertions_siddharth","is_case_insensitive":false,"labels":{},"last_modified_time":1727339366615,"location":"EU","max_time_travel_hours":"168","project":"lava-dev-436720","resource_tags":{},"self_link":"https://bigquery.googleapis.com/bigquery/v2/projects/lava-dev-436720/datasets/dataform_assertions_siddharth","storage_billing_model":"","terraform_labels":{"goog-terraform-provisioned":"true"},"timeouts":null},"sensitive_attributes":[],"private":"eyJlMmJmYjczMC1lY2FhLTExZTYtOGY4OC0zNDM2M2JjN2M0YzAiOnsiY3JlYXRlIjoxMjAwMDAwMDAwMDAwLCJkZWxldGUiOjEyMDAwMDAwMDAwMDAsInVwZGF0ZSI6MTIwMDAwMDAwMDAwMH19"}]},{"module":"module.setup[\"siddharth\"]","mode":"managed","type":"google_dataform_repository","name":"repository","provider":"provider[\"registry.opentofu.org/hashicorp/google-beta\"]","instances":[{"schema_version":0,"attributes":{"display_name":"Dataform Repository for siddharth-repo","effective_labels":{"goog-terraform-provisioned":"true"},"git_remote_settings":[{"authentication_token_secret_version":"projects/859846301347/secrets/siddharth-git-token/versions/1","default_branch":"siddharth-dataform","ssh_authentication_config":[],"token_status":"","url":"https://github.com/GaloyMoney/lava-bank.git"}],"id":"projects/lava-dev-436720/locations/europe-west6/repositories/siddharth-repo","kms_key_name":"","labels":{},"name":"siddharth-repo","npmrc_environment_variables_secret_version":"","project":"lava-dev-436720","region":"europe-west6","service_account":"","terraform_labels":{"goog-terraform-provisioned":"true"},"timeouts":null,"workspace_compilation_overrides":[]},"sensitive_attributes":[],"private":"eyJlMmJmYjczMC1lY2FhLTExZTYtOGY4OC0zNDM2M2JjN2M0YzAiOnsiY3JlYXRlIjoxMjAwMDAwMDAwMDAwLCJkZWxldGUiOjEyMDAwMDAwMDAwMDAsInVwZGF0ZSI6MTIwMDAwMDAwMDAwMH19","dependencies":["module.setup.google_secret_manager_secret.git_token","module.setup.google_secret_manager_secret_version.version"]}]},{"module":"module.setup[\"siddharth\"]","mode":"managed","type":"google_dataform_repository_release_config","name":"release","provider":"provider[\"registry.opentofu.org/hashicorp/google-beta\"]","instances":[{"schema_version":0,"attributes":{"code_compilation_config":[{"assertion_schema":"dataform_assertions","database_suffix":"","default_database":"lava-dev-436720","default_location":"EU","default_schema":"dataform","schema_suffix":"siddharth","table_prefix":"","vars":{"devUser":"siddharth","executionEnv":"volcano-dev"}}],"cron_schedule":"","git_commitish":"siddharth-dataform","id":"projects/lava-dev-436720/locations/europe-west6/repositories/siddharth-repo/releaseConfigs/siddharth-release","name":"siddharth-release","project":"lava-dev-436720","recent_scheduled_release_records":[],"region":"europe-west6","repository":"siddharth-repo","time_zone":"","timeouts":null},"sensitive_attributes":[],"private":"eyJlMmJmYjczMC1lY2FhLTExZTYtOGY4OC0zNDM2M2JjN2M0YzAiOnsiY3JlYXRlIjoxMjAwMDAwMDAwMDAwLCJkZWxldGUiOjEyMDAwMDAwMDAwMDAsInVwZGF0ZSI6MTIwMDAwMDAwMDAwMH19","dependencies":["module.setup.google_dataform_repository.repository","module.setup.google_secret_manager_secret.git_token","module.setup.google_secret_manager_secret_version.version"]}]},{"module":"module.setup[\"siddharth\"]","mode":"managed","type":"google_secret_manager_secret","name":"git_token","provider":"provider[\"registry.opentofu.org/hashicorp/google-beta\"]","instances":[{"schema_version":0,"attributes":{"annotations":{},"create_time":"2024-09-26T08:37:00.523865Z","effective_annotations":{},"effective_labels":{"goog-terraform-provisioned":"true"},"expire_time":"","id":"projects/lava-dev-436720/secrets/siddharth-git-token","labels":{},"name":"projects/859846301347/secrets/siddharth-git-token","project":"lava-dev-436720","replication":[{"auto":[{"customer_managed_encryption":[]}],"user_managed":[]}],"rotation":[],"secret_id":"siddharth-git-token","terraform_labels":{"goog-terraform-provisioned":"true"},"timeouts":null,"topics":[],"ttl":null,"version_aliases":{},"version_destroy_ttl":""},"sensitive_attributes":[],"private":"eyJlMmJmYjczMC1lY2FhLTExZTYtOGY4OC0zNDM2M2JjN2M0YzAiOnsiY3JlYXRlIjoxMjAwMDAwMDAwMDAwLCJkZWxldGUiOjEyMDAwMDAwMDAwMDAsInVwZGF0ZSI6MTIwMDAwMDAwMDAwMH19"}]},{"module":"module.setup[\"siddharth\"]","mode":"managed","type":"google_secret_manager_secret_version","name":"version","provider":"provider[\"registry.opentofu.org/hashicorp/google-beta\"]","instances":[{"schema_version":0,"attributes":{"create_time":"2024-09-26T08:37:22.849323Z","deletion_policy":"DELETE","destroy_time":"","enabled":true,"id":"projects/859846301347/secrets/siddharth-git-token/versions/1","is_secret_data_base64":false,"name":"projects/859846301347/secrets/siddharth-git-token/versions/1","secret":"projects/lava-dev-436720/secrets/siddharth-git-token","secret_data":"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","timeouts":null,"version":"1"},"sensitive_attributes":[[{"type":"get_attr","value":"secret_data"}]],"private":"eyJlMmJmYjczMC1lY2FhLTExZTYtOGY4OC0zNDM2M2JjN2M0YzAiOnsiY3JlYXRlIjoxMjAwMDAwMDAwMDAwLCJkZWxldGUiOjEyMDAwMDAwMDAwMDAsInVwZGF0ZSI6MTIwMDAwMDAwMDAwMH19","dependencies":["module.setup.google_secret_manager_secret.git_token"]}]},{"module":"module.setup[\"siddharth\"]","mode":"managed","type":"google_service_account","name":"bq_access_sa","provider":"provider[\"registry.opentofu.org/hashicorp/google\"]","instances":[{"schema_version":0,"attributes":{"account_id":"siddharth-lava-bq-access","create_ignore_already_exists":null,"description":"","disabled":false,"display_name":"Serviae Account for lava-bank BigQuery access","email":"siddharth-lava-bq-access@lava-dev-436720.iam.gserviceaccount.com","id":"projects/lava-dev-436720/serviceAccounts/siddharth-lava-bq-access@lava-dev-436720.iam.gserviceaccount.com","member":"serviceAccount:siddharth-lava-bq-access@lava-dev-436720.iam.gserviceaccount.com","name":"projects/lava-dev-436720/serviceAccounts/siddharth-lava-bq-access@lava-dev-436720.iam.gserviceaccount.com","project":"lava-dev-436720","timeouts":null,"unique_id":"100008452933343959219"},"sensitive_attributes":[],"private":"eyJlMmJmYjczMC1lY2FhLTExZTYtOGY4OC0zNDM2M2JjN2M0YzAiOnsiY3JlYXRlIjozMDAwMDAwMDAwMDB9fQ=="}]},{"module":"module.setup[\"siddharth\"]","mode":"managed","type":"google_storage_bucket","name":"docs","provider":"provider[\"registry.opentofu.org/hashicorp/google\"]","instances":[{"schema_version":3,"attributes":{"autoclass":[],"cors":[],"custom_placement_config":[],"default_event_based_hold":false,"effective_labels":{"goog-terraform-provisioned":"true"},"enable_object_retention":false,"encryption":[],"force_destroy":false,"id":"siddharth-volcano-documents","labels":{},"lifecycle_rule":[],"location":"EUROPE-WEST6","logging":[],"name":"siddharth-volcano-documents","project":"lava-dev-436720","project_number":859846301347,"public_access_prevention":"inherited","requester_pays":false,"retention_policy":[],"rpo":null,"self_link":"https://www.googleapis.com/storage/v1/b/siddharth-volcano-documents","soft_delete_policy":[{"effective_time":"2024-09-26T08:42:19.496Z","retention_duration_seconds":604800}],"storage_class":"STANDARD","terraform_labels":{"goog-terraform-provisioned":"true"},"timeouts":null,"uniform_bucket_level_access":true,"url":"gs://siddharth-volcano-documents","versioning":[{"enabled":true}],"website":[]},"sensitive_attributes":[],"private":"eyJlMmJmYjczMC1lY2FhLTExZTYtOGY4OC0zNDM2M2JjN2M0YzAiOnsiY3JlYXRlIjo2MDAwMDAwMDAwMDAsInJlYWQiOjI0MDAwMDAwMDAwMCwidXBkYXRlIjoyNDAwMDAwMDAwMDB9LCJzY2hlbWFfdmVyc2lvbiI6IjMifQ=="}]},{"module":"module.setup[\"sv\"]","mode":"data","type":"google_project","name":"project","provider":"provider[\"registry.opentofu.org/hashicorp/google\"]","instances":[{"schema_version":0,"attributes":{"auto_create_network":null,"billing_account":"0147EF-64A84A-D3EA60","deletion_policy":"PREVENT","effective_labels":{},"folder_id":"","id":"projects/lava-dev-436720","labels":{},"name":"lava-dev","number":"859846301347","org_id":"377006187738","project_id":"lava-dev-436720","tags":null,"terraform_labels":{}},"sensitive_attributes":[]}]},{"module":"module.setup[\"sv\"]","mode":"managed","type":"google_bigquery_dataset","name":"dataform","provider":"provider[\"registry.opentofu.org/hashicorp/google\"]","instances":[{"schema_version":0,"attributes":{"access":[{"dataset":[],"domain":"","group_by_email":"","iam_member":"","role":"OWNER","routine":[],"special_group":"","user_by_email":"justin@galoy.io","view":[]},{"dataset":[],"domain":"","group_by_email":"","iam_member":"","role":"OWNER","routine":[],"special_group":"","user_by_email":"sv-lava-bq-access@lava-dev-436720.iam.gserviceaccount.com","view":[]},{"dataset":[],"domain":"","group_by_email":"","iam_member":"","role":"OWNER","routine":[],"special_group":"","user_by_email":"sv@galoy.io","view":[]},{"dataset":[],"domain":"","group_by_email":"","iam_member":"","role":"OWNER","routine":[],"special_group":"projectOwners","user_by_email":"","view":[]},{"dataset":[],"domain":"","group_by_email":"","iam_member":"","role":"READER","routine":[],"special_group":"projectReaders","user_by_email":"","view":[]},{"dataset":[],"domain":"","group_by_email":"","iam_member":"","role":"WRITER","routine":[],"special_group":"projectWriters","user_by_email":"","view":[]}],"creation_time":1727339301065,"dataset_id":"dataform_sv","default_collation":"","default_encryption_configuration":[],"default_partition_expiration_ms":0,"default_table_expiration_ms":0,"delete_contents_on_destroy":false,"description":"Dataform for sv","effective_labels":{"goog-terraform-provisioned":"true"},"etag":"CtXa3G/QCh2Jwt+jIkqnnw==","external_dataset_reference":[],"friendly_name":"sv dataform","id":"projects/lava-dev-436720/datasets/dataform_sv","is_case_insensitive":false,"labels":{},"last_modified_time":1727339436830,"location":"EU","max_time_travel_hours":"168","project":"lava-dev-436720","resource_tags":{},"self_link":"https://bigquery.googleapis.com/bigquery/v2/projects/lava-dev-436720/datasets/dataform_sv","storage_billing_model":"","terraform_labels":{"goog-terraform-provisioned":"true"},"timeouts":null},"sensitive_attributes":[],"private":"eyJlMmJmYjczMC1lY2FhLTExZTYtOGY4OC0zNDM2M2JjN2M0YzAiOnsiY3JlYXRlIjoxMjAwMDAwMDAwMDAwLCJkZWxldGUiOjEyMDAwMDAwMDAwMDAsInVwZGF0ZSI6MTIwMDAwMDAwMDAwMH19"}]},{"module":"module.setup[\"sv\"]","mode":"managed","type":"google_bigquery_dataset","name":"dataform_assertions","provider":"provider[\"registry.opentofu.org/hashicorp/google\"]","instances":[{"schema_version":0,"attributes":{"access":[{"dataset":[],"domain":"","group_by_email":"","iam_member":"","role":"OWNER","routine":[],"special_group":"","user_by_email":"justin@galoy.io","view":[]},{"dataset":[],"domain":"","group_by_email":"","iam_member":"","role":"OWNER","routine":[],"special_group":"","user_by_email":"sv-lava-bq-access@lava-dev-436720.iam.gserviceaccount.com","view":[]},{"dataset":[],"domain":"","group_by_email":"","iam_member":"","role":"OWNER","routine":[],"special_group":"","user_by_email":"sv@galoy.io","view":[]},{"dataset":[],"domain":"","group_by_email":"","iam_member":"","role":"OWNER","routine":[],"special_group":"projectOwners","user_by_email":"","view":[]},{"dataset":[],"domain":"","group_by_email":"","iam_member":"","role":"READER","routine":[],"special_group":"projectReaders","user_by_email":"","view":[]},{"dataset":[],"domain":"","group_by_email":"","iam_member":"","role":"WRITER","routine":[],"special_group":"projectWriters","user_by_email":"","view":[]}],"creation_time":1727339309008,"dataset_id":"dataform_assertions_sv","default_collation":"","default_encryption_configuration":[],"default_partition_expiration_ms":0,"default_table_expiration_ms":0,"delete_contents_on_destroy":false,"description":"Dataform assertions for sv","effective_labels":{"goog-terraform-provisioned":"true"},"etag":"JiR85kW3l2BY8mN0PeUEqg==","external_dataset_reference":[],"friendly_name":"sv assertions dataform","id":"projects/lava-dev-436720/datasets/dataform_assertions_sv","is_case_insensitive":false,"labels":{},"last_modified_time":1727339444808,"location":"EU","max_time_travel_hours":"168","project":"lava-dev-436720","resource_tags":{},"self_link":"https://bigquery.googleapis.com/bigquery/v2/projects/lava-dev-436720/datasets/dataform_assertions_sv","storage_billing_model":"","terraform_labels":{"goog-terraform-provisioned":"true"},"timeouts":null},"sensitive_attributes":[],"private":"eyJlMmJmYjczMC1lY2FhLTExZTYtOGY4OC0zNDM2M2JjN2M0YzAiOnsiY3JlYXRlIjoxMjAwMDAwMDAwMDAwLCJkZWxldGUiOjEyMDAwMDAwMDAwMDAsInVwZGF0ZSI6MTIwMDAwMDAwMDAwMH19"}]},{"module":"module.setup[\"sv\"]","mode":"managed","type":"google_bigquery_dataset","name":"dataset","provider":"provider[\"registry.opentofu.org/hashicorp/google\"]","instances":[{"schema_version":0,"attributes":{"access":[{"dataset":[],"domain":"","group_by_email":"","iam_member":"","role":"OWNER","routine":[],"special_group":"","user_by_email":"justin@galoy.io","view":[]},{"dataset":[],"domain":"","group_by_email":"","iam_member":"","role":"OWNER","routine":[],"special_group":"","user_by_email":"sv-lava-bq-access@lava-dev-436720.iam.gserviceaccount.com","view":[]},{"dataset":[],"domain":"","group_by_email":"","iam_member":"","role":"OWNER","routine":[],"special_group":"","user_by_email":"sv@galoy.io","view":[]},{"dataset":[],"domain":"","group_by_email":"","iam_member":"","role":"OWNER","routine":[],"special_group":"projectOwners","user_by_email":"","view":[]},{"dataset":[],"domain":"","group_by_email":"","iam_member":"","role":"READER","routine":[],"special_group":"projectReaders","user_by_email":"","view":[]},{"dataset":[],"domain":"","group_by_email":"","iam_member":"","role":"WRITER","routine":[],"special_group":"projectWriters","user_by_email":"","view":[]}],"creation_time":1727339301551,"dataset_id":"sv_dataset","default_collation":"","default_encryption_configuration":[],"default_partition_expiration_ms":0,"default_table_expiration_ms":0,"delete_contents_on_destroy":true,"description":"Dataset for lava-bank sv","effective_labels":{"goog-terraform-provisioned":"true"},"etag":"ClBN8oCVYmplK/JiRbhnUA==","external_dataset_reference":[],"friendly_name":"Dataset for lava-bank sv","id":"projects/lava-dev-436720/datasets/sv_dataset","is_case_insensitive":false,"labels":{},"last_modified_time":1727339439124,"location":"EU","max_time_travel_hours":"168","project":"lava-dev-436720","resource_tags":{},"self_link":"https://bigquery.googleapis.com/bigquery/v2/projects/lava-dev-436720/datasets/sv_dataset","storage_billing_model":"","terraform_labels":{"goog-terraform-provisioned":"true"},"timeouts":null},"sensitive_attributes":[],"private":"eyJlMmJmYjczMC1lY2FhLTExZTYtOGY4OC0zNDM2M2JjN2M0YzAiOnsiY3JlYXRlIjoxMjAwMDAwMDAwMDAwLCJkZWxldGUiOjEyMDAwMDAwMDAwMDAsInVwZGF0ZSI6MTIwMDAwMDAwMDAwMH19"}]},{"module":"module.setup[\"sv\"]","mode":"managed","type":"google_dataform_repository","name":"repository","provider":"provider[\"registry.opentofu.org/hashicorp/google-beta\"]","instances":[{"schema_version":0,"attributes":{"display_name":"Dataform Repository for sv-repo","effective_labels":{"goog-terraform-provisioned":"true"},"git_remote_settings":[{"authentication_token_secret_version":"projects/859846301347/secrets/sv-git-token/versions/1","default_branch":"sv-dataform","ssh_authentication_config":[],"token_status":"","url":"https://github.com/GaloyMoney/lava-bank.git"}],"id":"projects/lava-dev-436720/locations/europe-west6/repositories/sv-repo","kms_key_name":"","labels":{},"name":"sv-repo","npmrc_environment_variables_secret_version":"","project":"lava-dev-436720","region":"europe-west6","service_account":"","terraform_labels":{"goog-terraform-provisioned":"true"},"timeouts":null,"workspace_compilation_overrides":[]},"sensitive_attributes":[],"private":"eyJlMmJmYjczMC1lY2FhLTExZTYtOGY4OC0zNDM2M2JjN2M0YzAiOnsiY3JlYXRlIjoxMjAwMDAwMDAwMDAwLCJkZWxldGUiOjEyMDAwMDAwMDAwMDAsInVwZGF0ZSI6MTIwMDAwMDAwMDAwMH19","dependencies":["module.setup.google_secret_manager_secret.git_token","module.setup.google_secret_manager_secret_version.version"]}]},{"module":"module.setup[\"sv\"]","mode":"managed","type":"google_dataform_repository_release_config","name":"release","provider":"provider[\"registry.opentofu.org/hashicorp/google-beta\"]","instances":[{"schema_version":0,"attributes":{"code_compilation_config":[{"assertion_schema":"dataform_assertions","database_suffix":"","default_database":"lava-dev-436720","default_location":"EU","default_schema":"dataform","schema_suffix":"sv","table_prefix":"","vars":{"devUser":"sv","executionEnv":"volcano-dev"}}],"cron_schedule":"","git_commitish":"sv-dataform","id":"projects/lava-dev-436720/locations/europe-west6/repositories/sv-repo/releaseConfigs/sv-release","name":"sv-release","project":"lava-dev-436720","recent_scheduled_release_records":[],"region":"europe-west6","repository":"sv-repo","time_zone":"","timeouts":null},"sensitive_attributes":[],"private":"eyJlMmJmYjczMC1lY2FhLTExZTYtOGY4OC0zNDM2M2JjN2M0YzAiOnsiY3JlYXRlIjoxMjAwMDAwMDAwMDAwLCJkZWxldGUiOjEyMDAwMDAwMDAwMDAsInVwZGF0ZSI6MTIwMDAwMDAwMDAwMH19","dependencies":["module.setup.google_dataform_repository.repository","module.setup.google_secret_manager_secret.git_token","module.setup.google_secret_manager_secret_version.version"]}]},{"module":"module.setup[\"sv\"]","mode":"managed","type":"google_secret_manager_secret","name":"git_token","provider":"provider[\"registry.opentofu.org/hashicorp/google-beta\"]","instances":[{"schema_version":0,"attributes":{"annotations":{},"create_time":"2024-09-26T08:42:19.015052Z","effective_annotations":{},"effective_labels":{"goog-terraform-provisioned":"true"},"expire_time":"","id":"projects/lava-dev-436720/secrets/sv-git-token","labels":{},"name":"projects/859846301347/secrets/sv-git-token","project":"lava-dev-436720","replication":[{"auto":[{"customer_managed_encryption":[]}],"user_managed":[]}],"rotation":[],"secret_id":"sv-git-token","terraform_labels":{"goog-terraform-provisioned":"true"},"timeouts":null,"topics":[],"ttl":null,"version_aliases":{},"version_destroy_ttl":""},"sensitive_attributes":[],"private":"eyJlMmJmYjczMC1lY2FhLTExZTYtOGY4OC0zNDM2M2JjN2M0YzAiOnsiY3JlYXRlIjoxMjAwMDAwMDAwMDAwLCJkZWxldGUiOjEyMDAwMDAwMDAwMDAsInVwZGF0ZSI6MTIwMDAwMDAwMDAwMH19"}]},{"module":"module.setup[\"sv\"]","mode":"managed","type":"google_secret_manager_secret_version","name":"version","provider":"provider[\"registry.opentofu.org/hashicorp/google-beta\"]","instances":[{"schema_version":0,"attributes":{"create_time":"2024-09-26T08:42:20.952069Z","deletion_policy":"DELETE","destroy_time":"","enabled":true,"id":"projects/859846301347/secrets/sv-git-token/versions/1","is_secret_data_base64":false,"name":"projects/859846301347/secrets/sv-git-token/versions/1","secret":"projects/lava-dev-436720/secrets/sv-git-token","secret_data":"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","timeouts":null,"version":"1"},"sensitive_attributes":[[{"type":"get_attr","value":"secret_data"}]],"private":"eyJlMmJmYjczMC1lY2FhLTExZTYtOGY4OC0zNDM2M2JjN2M0YzAiOnsiY3JlYXRlIjoxMjAwMDAwMDAwMDAwLCJkZWxldGUiOjEyMDAwMDAwMDAwMDAsInVwZGF0ZSI6MTIwMDAwMDAwMDAwMH19","dependencies":["module.setup.google_secret_manager_secret.git_token"]}]},{"module":"module.setup[\"sv\"]","mode":"managed","type":"google_service_account","name":"bq_access_sa","provider":"provider[\"registry.opentofu.org/hashicorp/google\"]","instances":[{"schema_version":0,"attributes":{"account_id":"sv-lava-bq-access","create_ignore_already_exists":null,"description":"","disabled":false,"display_name":"Serviae Account for lava-bank BigQuery access","email":"sv-lava-bq-access@lava-dev-436720.iam.gserviceaccount.com","id":"projects/lava-dev-436720/serviceAccounts/sv-lava-bq-access@lava-dev-436720.iam.gserviceaccount.com","member":"serviceAccount:sv-lava-bq-access@lava-dev-436720.iam.gserviceaccount.com","name":"projects/lava-dev-436720/serviceAccounts/sv-lava-bq-access@lava-dev-436720.iam.gserviceaccount.com","project":"lava-dev-436720","timeouts":null,"unique_id":"110030117716174529209"},"sensitive_attributes":[],"private":"eyJlMmJmYjczMC1lY2FhLTExZTYtOGY4OC0zNDM2M2JjN2M0YzAiOnsiY3JlYXRlIjozMDAwMDAwMDAwMDB9fQ=="}]},{"module":"module.setup[\"sv\"]","mode":"managed","type":"google_storage_bucket","name":"docs","provider":"provider[\"registry.opentofu.org/hashicorp/google\"]","instances":[{"schema_version":3,"attributes":{"autoclass":[],"cors":[],"custom_placement_config":[],"default_event_based_hold":false,"effective_labels":{"goog-terraform-provisioned":"true"},"enable_object_retention":false,"encryption":[],"force_destroy":false,"id":"sv-volcano-documents","labels":{},"lifecycle_rule":[],"location":"EUROPE-WEST6","logging":[],"name":"sv-volcano-documents","project":"lava-dev-436720","project_number":859846301347,"public_access_prevention":"inherited","requester_pays":false,"retention_policy":[],"rpo":null,"self_link":"https://www.googleapis.com/storage/v1/b/sv-volcano-documents","soft_delete_policy":[{"effective_time":"2024-09-26T08:42:21.573Z","retention_duration_seconds":604800}],"storage_class":"STANDARD","terraform_labels":{"goog-terraform-provisioned":"true"},"timeouts":null,"uniform_bucket_level_access":true,"url":"gs://sv-volcano-documents","versioning":[{"enabled":true}],"website":[]},"sensitive_attributes":[],"private":"eyJlMmJmYjczMC1lY2FhLTExZTYtOGY4OC0zNDM2M2JjN2M0YzAiOnsiY3JlYXRlIjo2MDAwMDAwMDAwMDAsInJlYWQiOjI0MDAwMDAwMDAwMCwidXBkYXRlIjoyNDAwMDAwMDAwMDB9LCJzY2hlbWFfdmVyc2lvbiI6IjMifQ=="}]},{"module":"module.setup[\"vaibhav\"]","mode":"data","type":"google_project","name":"project","provider":"provider[\"registry.opentofu.org/hashicorp/google\"]","instances":[{"schema_version":0,"attributes":{"auto_create_network":null,"billing_account":"0147EF-64A84A-D3EA60","deletion_policy":"PREVENT","effective_labels":{},"folder_id":"","id":"projects/lava-dev-436720","labels":{},"name":"lava-dev","number":"859846301347","org_id":"377006187738","project_id":"lava-dev-436720","tags":null,"terraform_labels":{}},"sensitive_attributes":[]}]},{"module":"module.setup[\"vaibhav\"]","mode":"managed","type":"google_bigquery_dataset","name":"dataform","provider":"provider[\"registry.opentofu.org/hashicorp/google\"]","instances":[{"schema_version":0,"attributes":{"access":[{"dataset":[],"domain":"","group_by_email":"","iam_member":"","role":"OWNER","routine":[],"special_group":"","user_by_email":"justin@galoy.io","view":[]},{"dataset":[],"domain":"","group_by_email":"","iam_member":"","role":"OWNER","routine":[],"special_group":"","user_by_email":"vaibhav-lava-bq-access@lava-dev-436720.iam.gserviceaccount.com","view":[]},{"dataset":[],"domain":"","group_by_email":"","iam_member":"","role":"OWNER","routine":[],"special_group":"","user_by_email":"vaibhav@galoy.io","view":[]},{"dataset":[],"domain":"","group_by_email":"","iam_member":"","role":"OWNER","routine":[],"special_group":"projectOwners","user_by_email":"","view":[]},{"dataset":[],"domain":"","group_by_email":"","iam_member":"","role":"READER","routine":[],"special_group":"projectReaders","user_by_email":"","view":[]},{"dataset":[],"domain":"","group_by_email":"","iam_member":"","role":"WRITER","routine":[],"special_group":"projectWriters","user_by_email":"","view":[]}],"creation_time":1727339297867,"dataset_id":"dataform_vaibhav","default_collation":"","default_encryption_configuration":[],"default_partition_expiration_ms":0,"default_table_expiration_ms":0,"delete_contents_on_destroy":false,"description":"Dataform for vaibhav","effective_labels":{"goog-terraform-provisioned":"true"},"etag":"y2vqyqUd+1mncmP1y4Enzg==","external_dataset_reference":[],"friendly_name":"vaibhav dataform","id":"projects/lava-dev-436720/datasets/dataform_vaibhav","is_case_insensitive":false,"labels":{},"last_modified_time":1727339413209,"location":"EU","max_time_travel_hours":"168","project":"lava-dev-436720","resource_tags":{},"self_link":"https://bigquery.googleapis.com/bigquery/v2/projects/lava-dev-436720/datasets/dataform_vaibhav","storage_billing_model":"","terraform_labels":{"goog-terraform-provisioned":"true"},"timeouts":null},"sensitive_attributes":[],"private":"eyJlMmJmYjczMC1lY2FhLTExZTYtOGY4OC0zNDM2M2JjN2M0YzAiOnsiY3JlYXRlIjoxMjAwMDAwMDAwMDAwLCJkZWxldGUiOjEyMDAwMDAwMDAwMDAsInVwZGF0ZSI6MTIwMDAwMDAwMDAwMH19"}]},{"module":"module.setup[\"vaibhav\"]","mode":"managed","type":"google_bigquery_dataset","name":"dataform_assertions","provider":"provider[\"registry.opentofu.org/hashicorp/google\"]","instances":[{"schema_version":0,"attributes":{"access":[{"dataset":[],"domain":"","group_by_email":"","iam_member":"","role":"OWNER","routine":[],"special_group":"","user_by_email":"justin@galoy.io","view":[]},{"dataset":[],"domain":"","group_by_email":"","iam_member":"","role":"OWNER","routine":[],"special_group":"","user_by_email":"vaibhav-lava-bq-access@lava-dev-436720.iam.gserviceaccount.com","view":[]},{"dataset":[],"domain":"","group_by_email":"","iam_member":"","role":"OWNER","routine":[],"special_group":"","user_by_email":"vaibhav@galoy.io","view":[]},{"dataset":[],"domain":"","group_by_email":"","iam_member":"","role":"OWNER","routine":[],"special_group":"projectOwners","user_by_email":"","view":[]},{"dataset":[],"domain":"","group_by_email":"","iam_member":"","role":"READER","routine":[],"special_group":"projectReaders","user_by_email":"","view":[]},{"dataset":[],"domain":"","group_by_email":"","iam_member":"","role":"WRITER","routine":[],"special_group":"projectWriters","user_by_email":"","view":[]}],"creation_time":1727339306865,"dataset_id":"dataform_assertions_vaibhav","default_collation":"","default_encryption_configuration":[],"default_partition_expiration_ms":0,"default_table_expiration_ms":0,"delete_contents_on_destroy":false,"description":"Dataform assertions for vaibhav","effective_labels":{"goog-terraform-provisioned":"true"},"etag":"DGrT5ng9c5GlrjLZ6TO+Dg==","external_dataset_reference":[],"friendly_name":"vaibhav assertions dataform","id":"projects/lava-dev-436720/datasets/dataform_assertions_vaibhav","is_case_insensitive":false,"labels":{},"last_modified_time":1727339419919,"location":"EU","max_time_travel_hours":"168","project":"lava-dev-436720","resource_tags":{},"self_link":"https://bigquery.googleapis.com/bigquery/v2/projects/lava-dev-436720/datasets/dataform_assertions_vaibhav","storage_billing_model":"","terraform_labels":{"goog-terraform-provisioned":"true"},"timeouts":null},"sensitive_attributes":[],"private":"eyJlMmJmYjczMC1lY2FhLTExZTYtOGY4OC0zNDM2M2JjN2M0YzAiOnsiY3JlYXRlIjoxMjAwMDAwMDAwMDAwLCJkZWxldGUiOjEyMDAwMDAwMDAwMDAsInVwZGF0ZSI6MTIwMDAwMDAwMDAwMH19"}]},{"module":"module.setup[\"vaibhav\"]","mode":"managed","type":"google_bigquery_dataset","name":"dataset","provider":"provider[\"registry.opentofu.org/hashicorp/google\"]","instances":[{"schema_version":0,"attributes":{"access":[{"dataset":[],"domain":"","group_by_email":"","iam_member":"","role":"OWNER","routine":[],"special_group":"","user_by_email":"justin@galoy.io","view":[]},{"dataset":[],"domain":"","group_by_email":"","iam_member":"","role":"OWNER","routine":[],"special_group":"","user_by_email":"vaibhav-lava-bq-access@lava-dev-436720.iam.gserviceaccount.com","view":[]},{"dataset":[],"domain":"","group_by_email":"","iam_member":"","role":"OWNER","routine":[],"special_group":"","user_by_email":"vaibhav@galoy.io","view":[]},{"dataset":[],"domain":"","group_by_email":"","iam_member":"","role":"OWNER","routine":[],"special_group":"projectOwners","user_by_email":"","view":[]},{"dataset":[],"domain":"","group_by_email":"","iam_member":"","role":"READER","routine":[],"special_group":"projectReaders","user_by_email":"","view":[]},{"dataset":[],"domain":"","group_by_email":"","iam_member":"","role":"WRITER","routine":[],"special_group":"projectWriters","user_by_email":"","view":[]}],"creation_time":1727339309056,"dataset_id":"vaibhav_dataset","default_collation":"","default_encryption_configuration":[],"default_partition_expiration_ms":0,"default_table_expiration_ms":0,"delete_contents_on_destroy":true,"description":"Dataset for lava-bank vaibhav","effective_labels":{"goog-terraform-provisioned":"true"},"etag":"k3uYoGxlk0uBMToRIoOqFQ==","external_dataset_reference":[],"friendly_name":"Dataset for lava-bank vaibhav","id":"projects/lava-dev-436720/datasets/vaibhav_dataset","is_case_insensitive":false,"labels":{},"last_modified_time":1727339408417,"location":"EU","max_time_travel_hours":"168","project":"lava-dev-436720","resource_tags":{},"self_link":"https://bigquery.googleapis.com/bigquery/v2/projects/lava-dev-436720/datasets/vaibhav_dataset","storage_billing_model":"","terraform_labels":{"goog-terraform-provisioned":"true"},"timeouts":null},"sensitive_attributes":[],"private":"eyJlMmJmYjczMC1lY2FhLTExZTYtOGY4OC0zNDM2M2JjN2M0YzAiOnsiY3JlYXRlIjoxMjAwMDAwMDAwMDAwLCJkZWxldGUiOjEyMDAwMDAwMDAwMDAsInVwZGF0ZSI6MTIwMDAwMDAwMDAwMH19"}]},{"module":"module.setup[\"vaibhav\"]","mode":"managed","type":"google_dataform_repository","name":"repository","provider":"provider[\"registry.opentofu.org/hashicorp/google-beta\"]","instances":[{"schema_version":0,"attributes":{"display_name":"Dataform Repository for vaibhav-repo","effective_labels":{"goog-terraform-provisioned":"true"},"git_remote_settings":[{"authentication_token_secret_version":"projects/859846301347/secrets/vaibhav-git-token/versions/1","default_branch":"vaibhav-dataform","ssh_authentication_config":[],"token_status":"","url":"https://github.com/GaloyMoney/lava-bank.git"}],"id":"projects/lava-dev-436720/locations/europe-west6/repositories/vaibhav-repo","kms_key_name":"","labels":{},"name":"vaibhav-repo","npmrc_environment_variables_secret_version":"","project":"lava-dev-436720","region":"europe-west6","service_account":"","terraform_labels":{"goog-terraform-provisioned":"true"},"timeouts":null,"workspace_compilation_overrides":[]},"sensitive_attributes":[],"private":"eyJlMmJmYjczMC1lY2FhLTExZTYtOGY4OC0zNDM2M2JjN2M0YzAiOnsiY3JlYXRlIjoxMjAwMDAwMDAwMDAwLCJkZWxldGUiOjEyMDAwMDAwMDAwMDAsInVwZGF0ZSI6MTIwMDAwMDAwMDAwMH19","dependencies":["module.setup.google_secret_manager_secret.git_token","module.setup.google_secret_manager_secret_version.version"]}]},{"module":"module.setup[\"vaibhav\"]","mode":"managed","type":"google_dataform_repository_release_config","name":"release","provider":"provider[\"registry.opentofu.org/hashicorp/google-beta\"]","instances":[{"schema_version":0,"attributes":{"code_compilation_config":[{"assertion_schema":"dataform_assertions","database_suffix":"","default_database":"lava-dev-436720","default_location":"EU","default_schema":"dataform","schema_suffix":"vaibhav","table_prefix":"","vars":{"devUser":"vaibhav","executionEnv":"volcano-dev"}}],"cron_schedule":"","git_commitish":"vaibhav-dataform","id":"projects/lava-dev-436720/locations/europe-west6/repositories/vaibhav-repo/releaseConfigs/vaibhav-release","name":"vaibhav-release","project":"lava-dev-436720","recent_scheduled_release_records":[],"region":"europe-west6","repository":"vaibhav-repo","time_zone":"","timeouts":null},"sensitive_attributes":[],"private":"eyJlMmJmYjczMC1lY2FhLTExZTYtOGY4OC0zNDM2M2JjN2M0YzAiOnsiY3JlYXRlIjoxMjAwMDAwMDAwMDAwLCJkZWxldGUiOjEyMDAwMDAwMDAwMDAsInVwZGF0ZSI6MTIwMDAwMDAwMDAwMH19","dependencies":["module.setup.google_dataform_repository.repository","module.setup.google_secret_manager_secret.git_token","module.setup.google_secret_manager_secret_version.version"]}]},{"module":"module.setup[\"vaibhav\"]","mode":"managed","type":"google_secret_manager_secret","name":"git_token","provider":"provider[\"registry.opentofu.org/hashicorp/google-beta\"]","instances":[{"schema_version":0,"attributes":{"annotations":{},"create_time":"2024-09-26T08:37:00.816637Z","effective_annotations":{},"effective_labels":{"goog-terraform-provisioned":"true"},"expire_time":"","id":"projects/lava-dev-436720/secrets/vaibhav-git-token","labels":{},"name":"projects/859846301347/secrets/vaibhav-git-token","project":"lava-dev-436720","replication":[{"auto":[{"customer_managed_encryption":[]}],"user_managed":[]}],"rotation":[],"secret_id":"vaibhav-git-token","terraform_labels":{"goog-terraform-provisioned":"true"},"timeouts":null,"topics":[],"ttl":null,"version_aliases":{},"version_destroy_ttl":""},"sensitive_attributes":[],"private":"eyJlMmJmYjczMC1lY2FhLTExZTYtOGY4OC0zNDM2M2JjN2M0YzAiOnsiY3JlYXRlIjoxMjAwMDAwMDAwMDAwLCJkZWxldGUiOjEyMDAwMDAwMDAwMDAsInVwZGF0ZSI6MTIwMDAwMDAwMDAwMH19"}]},{"module":"module.setup[\"vaibhav\"]","mode":"managed","type":"google_secret_manager_secret_version","name":"version","provider":"provider[\"registry.opentofu.org/hashicorp/google-beta\"]","instances":[{"schema_version":0,"attributes":{"create_time":"2024-09-26T08:37:23.343850Z","deletion_policy":"DELETE","destroy_time":"","enabled":true,"id":"projects/859846301347/secrets/vaibhav-git-token/versions/1","is_secret_data_base64":false,"name":"projects/859846301347/secrets/vaibhav-git-token/versions/1","secret":"projects/lava-dev-436720/secrets/vaibhav-git-token","secret_data":"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","timeouts":null,"version":"1"},"sensitive_attributes":[[{"type":"get_attr","value":"secret_data"}]],"private":"eyJlMmJmYjczMC1lY2FhLTExZTYtOGY4OC0zNDM2M2JjN2M0YzAiOnsiY3JlYXRlIjoxMjAwMDAwMDAwMDAwLCJkZWxldGUiOjEyMDAwMDAwMDAwMDAsInVwZGF0ZSI6MTIwMDAwMDAwMDAwMH19","dependencies":["module.setup.google_secret_manager_secret.git_token"]}]},{"module":"module.setup[\"vaibhav\"]","mode":"managed","type":"google_service_account","name":"bq_access_sa","provider":"provider[\"registry.opentofu.org/hashicorp/google\"]","instances":[{"schema_version":0,"attributes":{"account_id":"vaibhav-lava-bq-access","create_ignore_already_exists":null,"description":"","disabled":false,"display_name":"Serviae Account for lava-bank BigQuery access","email":"vaibhav-lava-bq-access@lava-dev-436720.iam.gserviceaccount.com","id":"projects/lava-dev-436720/serviceAccounts/vaibhav-lava-bq-access@lava-dev-436720.iam.gserviceaccount.com","member":"serviceAccount:vaibhav-lava-bq-access@lava-dev-436720.iam.gserviceaccount.com","name":"projects/lava-dev-436720/serviceAccounts/vaibhav-lava-bq-access@lava-dev-436720.iam.gserviceaccount.com","project":"lava-dev-436720","timeouts":null,"unique_id":"107541458146521884580"},"sensitive_attributes":[],"private":"eyJlMmJmYjczMC1lY2FhLTExZTYtOGY4OC0zNDM2M2JjN2M0YzAiOnsiY3JlYXRlIjozMDAwMDAwMDAwMDB9fQ=="}]},{"module":"module.setup[\"vaibhav\"]","mode":"managed","type":"google_storage_bucket","name":"docs","provider":"provider[\"registry.opentofu.org/hashicorp/google\"]","instances":[{"schema_version":3,"attributes":{"autoclass":[],"cors":[],"custom_placement_config":[],"default_event_based_hold":false,"effective_labels":{"goog-terraform-provisioned":"true"},"enable_object_retention":false,"encryption":[],"force_destroy":false,"id":"vaibhav-volcano-documents","labels":{},"lifecycle_rule":[],"location":"EUROPE-WEST6","logging":[],"name":"vaibhav-volcano-documents","project":"lava-dev-436720","project_number":859846301347,"public_access_prevention":"inherited","requester_pays":false,"retention_policy":[],"rpo":null,"self_link":"https://www.googleapis.com/storage/v1/b/vaibhav-volcano-documents","soft_delete_policy":[{"effective_time":"2024-09-26T08:42:19.534Z","retention_duration_seconds":604800}],"storage_class":"STANDARD","terraform_labels":{"goog-terraform-provisioned":"true"},"timeouts":null,"uniform_bucket_level_access":true,"url":"gs://vaibhav-volcano-documents","versioning":[{"enabled":true}],"website":[]},"sensitive_attributes":[],"private":"eyJlMmJmYjczMC1lY2FhLTExZTYtOGY4OC0zNDM2M2JjN2M0YzAiOnsiY3JlYXRlIjo2MDAwMDAwMDAwMDAsInJlYWQiOjI0MDAwMDAwMDAwMCwidXBkYXRlIjoyNDAwMDAwMDAwMDB9LCJzY2hlbWFfdmVyc2lvbiI6IjMifQ=="}]},{"module":"module.setup[\"vindard\"]","mode":"data","type":"google_project","name":"project","provider":"provider[\"registry.opentofu.org/hashicorp/google\"]","instances":[{"schema_version":0,"attributes":{"auto_create_network":null,"billing_account":"0147EF-64A84A-D3EA60","deletion_policy":"PREVENT","effective_labels":{},"folder_id":"","id":"projects/lava-dev-436720","labels":{},"name":"lava-dev","number":"859846301347","org_id":"377006187738","project_id":"lava-dev-436720","tags":null,"terraform_labels":{}},"sensitive_attributes":[]}]},{"module":"module.setup[\"vindard\"]","mode":"managed","type":"google_bigquery_dataset","name":"dataform","provider":"provider[\"registry.opentofu.org/hashicorp/google\"]","instances":[{"schema_version":0,"attributes":{"access":[{"dataset":[],"domain":"","group_by_email":"","iam_member":"","role":"OWNER","routine":[],"special_group":"","user_by_email":"arvin@galoy.io","view":[]},{"dataset":[],"domain":"","group_by_email":"","iam_member":"","role":"OWNER","routine":[],"special_group":"","user_by_email":"justin@galoy.io","view":[]},{"dataset":[],"domain":"","group_by_email":"","iam_member":"","role":"OWNER","routine":[],"special_group":"","user_by_email":"vindard-lava-bq-access@lava-dev-436720.iam.gserviceaccount.com","view":[]},{"dataset":[],"domain":"","group_by_email":"","iam_member":"","role":"OWNER","routine":[],"special_group":"projectOwners","user_by_email":"","view":[]},{"dataset":[],"domain":"","group_by_email":"","iam_member":"","role":"READER","routine":[],"special_group":"projectReaders","user_by_email":"","view":[]},{"dataset":[],"domain":"","group_by_email":"","iam_member":"","role":"WRITER","routine":[],"special_group":"projectWriters","user_by_email":"","view":[]}],"creation_time":1727339304258,"dataset_id":"dataform_vindard","default_collation":"","default_encryption_configuration":[],"default_partition_expiration_ms":0,"default_table_expiration_ms":0,"delete_contents_on_destroy":false,"description":"Dataform for vindard","effective_labels":{"goog-terraform-provisioned":"true"},"etag":"BpAkurwOsqjgPh7NKEG61g==","external_dataset_reference":[],"friendly_name":"vindard dataform","id":"projects/lava-dev-436720/datasets/dataform_vindard","is_case_insensitive":false,"labels":{},"last_modified_time":1727339456122,"location":"EU","max_time_travel_hours":"168","project":"lava-dev-436720","resource_tags":{},"self_link":"https://bigquery.googleapis.com/bigquery/v2/projects/lava-dev-436720/datasets/dataform_vindard","storage_billing_model":"","terraform_labels":{"goog-terraform-provisioned":"true"},"timeouts":null},"sensitive_attributes":[],"private":"eyJlMmJmYjczMC1lY2FhLTExZTYtOGY4OC0zNDM2M2JjN2M0YzAiOnsiY3JlYXRlIjoxMjAwMDAwMDAwMDAwLCJkZWxldGUiOjEyMDAwMDAwMDAwMDAsInVwZGF0ZSI6MTIwMDAwMDAwMDAwMH19"}]},{"module":"module.setup[\"vindard\"]","mode":"managed","type":"google_bigquery_dataset","name":"dataform_assertions","provider":"provider[\"registry.opentofu.org/hashicorp/google\"]","instances":[{"schema_version":0,"attributes":{"access":[{"dataset":[],"domain":"","group_by_email":"","iam_member":"","role":"OWNER","routine":[],"special_group":"","user_by_email":"arvin@galoy.io","view":[]},{"dataset":[],"domain":"","group_by_email":"","iam_member":"","role":"OWNER","routine":[],"special_group":"","user_by_email":"justin@galoy.io","view":[]},{"dataset":[],"domain":"","group_by_email":"","iam_member":"","role":"OWNER","routine":[],"special_group":"","user_by_email":"vindard-lava-bq-access@lava-dev-436720.iam.gserviceaccount.com","view":[]},{"dataset":[],"domain":"","group_by_email":"","iam_member":"","role":"OWNER","routine":[],"special_group":"projectOwners","user_by_email":"","view":[]},{"dataset":[],"domain":"","group_by_email":"","iam_member":"","role":"READER","routine":[],"special_group":"projectReaders","user_by_email":"","view":[]},{"dataset":[],"domain":"","group_by_email":"","iam_member":"","role":"WRITER","routine":[],"special_group":"projectWriters","user_by_email":"","view":[]}],"creation_time":1727339302196,"dataset_id":"dataform_assertions_vindard","default_collation":"","default_encryption_configuration":[],"default_partition_expiration_ms":0,"default_table_expiration_ms":0,"delete_contents_on_destroy":false,"description":"Dataform assertions for vindard","effective_labels":{"goog-terraform-provisioned":"true"},"etag":"d6snAENxnpCexFJ+9Pr8bQ==","external_dataset_reference":[],"friendly_name":"vindard assertions dataform","id":"projects/lava-dev-436720/datasets/dataform_assertions_vindard","is_case_insensitive":false,"labels":{},"last_modified_time":1727339452414,"location":"EU","max_time_travel_hours":"168","project":"lava-dev-436720","resource_tags":{},"self_link":"https://bigquery.googleapis.com/bigquery/v2/projects/lava-dev-436720/datasets/dataform_assertions_vindard","storage_billing_model":"","terraform_labels":{"goog-terraform-provisioned":"true"},"timeouts":null},"sensitive_attributes":[],"private":"eyJlMmJmYjczMC1lY2FhLTExZTYtOGY4OC0zNDM2M2JjN2M0YzAiOnsiY3JlYXRlIjoxMjAwMDAwMDAwMDAwLCJkZWxldGUiOjEyMDAwMDAwMDAwMDAsInVwZGF0ZSI6MTIwMDAwMDAwMDAwMH19"}]},{"module":"module.setup[\"vindard\"]","mode":"managed","type":"google_bigquery_dataset","name":"dataset","provider":"provider[\"registry.opentofu.org/hashicorp/google\"]","instances":[{"schema_version":0,"attributes":{"access":[{"dataset":[],"domain":"","group_by_email":"","iam_member":"","role":"OWNER","routine":[],"special_group":"","user_by_email":"arvin@galoy.io","view":[]},{"dataset":[],"domain":"","group_by_email":"","iam_member":"","role":"OWNER","routine":[],"special_group":"","user_by_email":"justin@galoy.io","view":[]},{"dataset":[],"domain":"","group_by_email":"","iam_member":"","role":"OWNER","routine":[],"special_group":"","user_by_email":"vindard-lava-bq-access@lava-dev-436720.iam.gserviceaccount.com","view":[]},{"dataset":[],"domain":"","group_by_email":"","iam_member":"","role":"OWNER","routine":[],"special_group":"projectOwners","user_by_email":"","view":[]},{"dataset":[],"domain":"","group_by_email":"","iam_member":"","role":"READER","routine":[],"special_group":"projectReaders","user_by_email":"","view":[]},{"dataset":[],"domain":"","group_by_email":"","iam_member":"","role":"WRITER","routine":[],"special_group":"projectWriters","user_by_email":"","view":[]}],"creation_time":1727339297463,"dataset_id":"vindard_dataset","default_collation":"","default_encryption_configuration":[],"default_partition_expiration_ms":0,"default_table_expiration_ms":0,"delete_contents_on_destroy":true,"description":"Dataset for lava-bank vindard","effective_labels":{"goog-terraform-provisioned":"true"},"etag":"/JTD7bPXhcjNaG9LbvRqUA==","external_dataset_reference":[],"friendly_name":"Dataset for lava-bank vindard","id":"projects/lava-dev-436720/datasets/vindard_dataset","is_case_insensitive":false,"labels":{},"last_modified_time":1727339455504,"location":"EU","max_time_travel_hours":"168","project":"lava-dev-436720","resource_tags":{},"self_link":"https://bigquery.googleapis.com/bigquery/v2/projects/lava-dev-436720/datasets/vindard_dataset","storage_billing_model":"","terraform_labels":{"goog-terraform-provisioned":"true"},"timeouts":null},"sensitive_attributes":[],"private":"eyJlMmJmYjczMC1lY2FhLTExZTYtOGY4OC0zNDM2M2JjN2M0YzAiOnsiY3JlYXRlIjoxMjAwMDAwMDAwMDAwLCJkZWxldGUiOjEyMDAwMDAwMDAwMDAsInVwZGF0ZSI6MTIwMDAwMDAwMDAwMH19"}]},{"module":"module.setup[\"vindard\"]","mode":"managed","type":"google_dataform_repository","name":"repository","provider":"provider[\"registry.opentofu.org/hashicorp/google-beta\"]","instances":[{"schema_version":0,"attributes":{"display_name":"Dataform Repository for vindard-repo","effective_labels":{"goog-terraform-provisioned":"true"},"git_remote_settings":[{"authentication_token_secret_version":"projects/859846301347/secrets/vindard-git-token/versions/1","default_branch":"vindard-dataform","ssh_authentication_config":[],"token_status":"","url":"https://github.com/GaloyMoney/lava-bank.git"}],"id":"projects/lava-dev-436720/locations/europe-west6/repositories/vindard-repo","kms_key_name":"","labels":{},"name":"vindard-repo","npmrc_environment_variables_secret_version":"","project":"lava-dev-436720","region":"europe-west6","service_account":"","terraform_labels":{"goog-terraform-provisioned":"true"},"timeouts":null,"workspace_compilation_overrides":[]},"sensitive_attributes":[],"private":"eyJlMmJmYjczMC1lY2FhLTExZTYtOGY4OC0zNDM2M2JjN2M0YzAiOnsiY3JlYXRlIjoxMjAwMDAwMDAwMDAwLCJkZWxldGUiOjEyMDAwMDAwMDAwMDAsInVwZGF0ZSI6MTIwMDAwMDAwMDAwMH19","dependencies":["module.setup.google_secret_manager_secret.git_token","module.setup.google_secret_manager_secret_version.version"]}]},{"module":"module.setup[\"vindard\"]","mode":"managed","type":"google_dataform_repository_release_config","name":"release","provider":"provider[\"registry.opentofu.org/hashicorp/google-beta\"]","instances":[{"schema_version":0,"attributes":{"code_compilation_config":[{"assertion_schema":"dataform_assertions","database_suffix":"","default_database":"lava-dev-436720","default_location":"EU","default_schema":"dataform","schema_suffix":"vindard","table_prefix":"","vars":{"devUser":"vindard","executionEnv":"volcano-dev"}}],"cron_schedule":"","git_commitish":"vindard-dataform","id":"projects/lava-dev-436720/locations/europe-west6/repositories/vindard-repo/releaseConfigs/vindard-release","name":"vindard-release","project":"lava-dev-436720","recent_scheduled_release_records":[],"region":"europe-west6","repository":"vindard-repo","time_zone":"","timeouts":null},"sensitive_attributes":[],"private":"eyJlMmJmYjczMC1lY2FhLTExZTYtOGY4OC0zNDM2M2JjN2M0YzAiOnsiY3JlYXRlIjoxMjAwMDAwMDAwMDAwLCJkZWxldGUiOjEyMDAwMDAwMDAwMDAsInVwZGF0ZSI6MTIwMDAwMDAwMDAwMH19","dependencies":["module.setup.google_dataform_repository.repository","module.setup.google_secret_manager_secret.git_token","module.setup.google_secret_manager_secret_version.version"]}]},{"module":"module.setup[\"vindard\"]","mode":"managed","type":"google_secret_manager_secret","name":"git_token","provider":"provider[\"registry.opentofu.org/hashicorp/google-beta\"]","instances":[{"schema_version":0,"attributes":{"annotations":{},"create_time":"2024-09-26T08:36:59.926477Z","effective_annotations":{},"effective_labels":{"goog-terraform-provisioned":"true"},"expire_time":"","id":"projects/lava-dev-436720/secrets/vindard-git-token","labels":{},"name":"projects/859846301347/secrets/vindard-git-token","project":"lava-dev-436720","replication":[{"auto":[{"customer_managed_encryption":[]}],"user_managed":[]}],"rotation":[],"secret_id":"vindard-git-token","terraform_labels":{"goog-terraform-provisioned":"true"},"timeouts":null,"topics":[],"ttl":null,"version_aliases":{},"version_destroy_ttl":""},"sensitive_attributes":[],"private":"eyJlMmJmYjczMC1lY2FhLTExZTYtOGY4OC0zNDM2M2JjN2M0YzAiOnsiY3JlYXRlIjoxMjAwMDAwMDAwMDAwLCJkZWxldGUiOjEyMDAwMDAwMDAwMDAsInVwZGF0ZSI6MTIwMDAwMDAwMDAwMH19"}]},{"module":"module.setup[\"vindard\"]","mode":"managed","type":"google_secret_manager_secret_version","name":"version","provider":"provider[\"registry.opentofu.org/hashicorp/google-beta\"]","instances":[{"schema_version":0,"attributes":{"create_time":"2024-09-26T08:37:16.270325Z","deletion_policy":"DELETE","destroy_time":"","enabled":true,"id":"projects/859846301347/secrets/vindard-git-token/versions/1","is_secret_data_base64":false,"name":"projects/859846301347/secrets/vindard-git-token/versions/1","secret":"projects/lava-dev-436720/secrets/vindard-git-token","secret_data":"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","timeouts":null,"version":"1"},"sensitive_attributes":[[{"type":"get_attr","value":"secret_data"}]],"private":"eyJlMmJmYjczMC1lY2FhLTExZTYtOGY4OC0zNDM2M2JjN2M0YzAiOnsiY3JlYXRlIjoxMjAwMDAwMDAwMDAwLCJkZWxldGUiOjEyMDAwMDAwMDAwMDAsInVwZGF0ZSI6MTIwMDAwMDAwMDAwMH19","dependencies":["module.setup.google_secret_manager_secret.git_token"]}]},{"module":"module.setup[\"vindard\"]","mode":"managed","type":"google_service_account","name":"bq_access_sa","provider":"provider[\"registry.opentofu.org/hashicorp/google\"]","instances":[{"schema_version":0,"attributes":{"account_id":"vindard-lava-bq-access","create_ignore_already_exists":null,"description":"","disabled":false,"display_name":"Serviae Account for lava-bank BigQuery access","email":"vindard-lava-bq-access@lava-dev-436720.iam.gserviceaccount.com","id":"projects/lava-dev-436720/serviceAccounts/vindard-lava-bq-access@lava-dev-436720.iam.gserviceaccount.com","member":"serviceAccount:vindard-lava-bq-access@lava-dev-436720.iam.gserviceaccount.com","name":"projects/lava-dev-436720/serviceAccounts/vindard-lava-bq-access@lava-dev-436720.iam.gserviceaccount.com","project":"lava-dev-436720","timeouts":null,"unique_id":"105695885964934244420"},"sensitive_attributes":[],"private":"eyJlMmJmYjczMC1lY2FhLTExZTYtOGY4OC0zNDM2M2JjN2M0YzAiOnsiY3JlYXRlIjozMDAwMDAwMDAwMDB9fQ=="}]},{"module":"module.setup[\"vindard\"]","mode":"managed","type":"google_storage_bucket","name":"docs","provider":"provider[\"registry.opentofu.org/hashicorp/google\"]","instances":[{"schema_version":3,"attributes":{"autoclass":[],"cors":[],"custom_placement_config":[],"default_event_based_hold":false,"effective_labels":{"goog-terraform-provisioned":"true"},"enable_object_retention":false,"encryption":[],"force_destroy":false,"id":"vindard-volcano-documents","labels":{},"lifecycle_rule":[],"location":"EUROPE-WEST6","logging":[],"name":"vindard-volcano-documents","project":"lava-dev-436720","project_number":859846301347,"public_access_prevention":"inherited","requester_pays":false,"retention_policy":[],"rpo":null,"self_link":"https://www.googleapis.com/storage/v1/b/vindard-volcano-documents","soft_delete_policy":[{"effective_time":"2024-09-26T08:42:19.382Z","retention_duration_seconds":604800}],"storage_class":"STANDARD","terraform_labels":{"goog-terraform-provisioned":"true"},"timeouts":null,"uniform_bucket_level_access":true,"url":"gs://vindard-volcano-documents","versioning":[{"enabled":true}],"website":[]},"sensitive_attributes":[],"private":"eyJlMmJmYjczMC1lY2FhLTExZTYtOGY4OC0zNDM2M2JjN2M0YzAiOnsiY3JlYXRlIjo2MDAwMDAwMDAwMDAsInJlYWQiOjI0MDAwMDAwMDAwMCwidXBkYXRlIjoyNDAwMDAwMDAwMDB9LCJzY2hlbWFfdmVyc2lvbiI6IjMifQ=="}]}],"check_results":null}
